// !$*UTF8*$!
{
	archiveVersion = 1;
	classes = {
	};
	objectVersion = 46;
	objects = {

/* Begin PBXBuildFile section */
		021FAD451BB2D77C001300A0 /* DataSourceItemReceiver.swift in Sources */ = {isa = PBXBuildFile; fileRef = 021FAD441BB2D77C001300A0 /* DataSourceItemReceiver.swift */; };
		022B0F9F1B2F2AE500DD4DCD /* DataSource.h in Headers */ = {isa = PBXBuildFile; fileRef = 022B0F9E1B2F2AE500DD4DCD /* DataSource.h */; settings = {ATTRIBUTES = (Public, ); }; };
		022B0FDC1B2F2D4C00DD4DCD /* CollectionViewCell.swift in Sources */ = {isa = PBXBuildFile; fileRef = 022B0FB61B2F2D4B00DD4DCD /* CollectionViewCell.swift */; };
		022B0FDD1B2F2D4C00DD4DCD /* CollectionViewChangeTarget.swift in Sources */ = {isa = PBXBuildFile; fileRef = 022B0FB71B2F2D4B00DD4DCD /* CollectionViewChangeTarget.swift */; };
		022B0FDE1B2F2D4C00DD4DCD /* CollectionViewDataSource.swift in Sources */ = {isa = PBXBuildFile; fileRef = 022B0FB81B2F2D4B00DD4DCD /* CollectionViewDataSource.swift */; };
		022B0FDF1B2F2D4C00DD4DCD /* CollectionViewReusableView.swift in Sources */ = {isa = PBXBuildFile; fileRef = 022B0FB91B2F2D4B00DD4DCD /* CollectionViewReusableView.swift */; };
		022B0FE01B2F2D4C00DD4DCD /* DataChange.swift in Sources */ = {isa = PBXBuildFile; fileRef = 022B0FBA1B2F2D4C00DD4DCD /* DataChange.swift */; };
		022B0FE11B2F2D4C00DD4DCD /* DataChangeTarget.swift in Sources */ = {isa = PBXBuildFile; fileRef = 022B0FBB1B2F2D4C00DD4DCD /* DataChangeTarget.swift */; };
		022B0FE21B2F2D4C00DD4DCD /* DataChangeBatch.swift in Sources */ = {isa = PBXBuildFile; fileRef = 022B0FBD1B2F2D4C00DD4DCD /* DataChangeBatch.swift */; };
		022B0FE31B2F2D4C00DD4DCD /* DataChangeDeleteItems.swift in Sources */ = {isa = PBXBuildFile; fileRef = 022B0FBE1B2F2D4C00DD4DCD /* DataChangeDeleteItems.swift */; };
		022B0FE41B2F2D4C00DD4DCD /* DataChangeDeleteSections.swift in Sources */ = {isa = PBXBuildFile; fileRef = 022B0FBF1B2F2D4C00DD4DCD /* DataChangeDeleteSections.swift */; };
		022B0FE51B2F2D4C00DD4DCD /* DataChangeInsertItems.swift in Sources */ = {isa = PBXBuildFile; fileRef = 022B0FC01B2F2D4C00DD4DCD /* DataChangeInsertItems.swift */; };
		022B0FE61B2F2D4C00DD4DCD /* DataChangeInsertSections.swift in Sources */ = {isa = PBXBuildFile; fileRef = 022B0FC11B2F2D4C00DD4DCD /* DataChangeInsertSections.swift */; };
		022B0FE71B2F2D4C00DD4DCD /* DataChangeMoveItem.swift in Sources */ = {isa = PBXBuildFile; fileRef = 022B0FC21B2F2D4C00DD4DCD /* DataChangeMoveItem.swift */; };
		022B0FE81B2F2D4C00DD4DCD /* DataChangeMoveSection.swift in Sources */ = {isa = PBXBuildFile; fileRef = 022B0FC31B2F2D4C00DD4DCD /* DataChangeMoveSection.swift */; };
		022B0FE91B2F2D4C00DD4DCD /* DataChangeReloadData.swift in Sources */ = {isa = PBXBuildFile; fileRef = 022B0FC41B2F2D4C00DD4DCD /* DataChangeReloadData.swift */; };
		022B0FEA1B2F2D4C00DD4DCD /* DataChangeReloadItems.swift in Sources */ = {isa = PBXBuildFile; fileRef = 022B0FC51B2F2D4C00DD4DCD /* DataChangeReloadItems.swift */; };
		022B0FEB1B2F2D4C00DD4DCD /* DataChangeReloadSections.swift in Sources */ = {isa = PBXBuildFile; fileRef = 022B0FC61B2F2D4C00DD4DCD /* DataChangeReloadSections.swift */; };
		022B0FEC1B2F2D4C00DD4DCD /* DataSource.swift in Sources */ = {isa = PBXBuildFile; fileRef = 022B0FC71B2F2D4C00DD4DCD /* DataSource.swift */; };
		022B0FED1B2F2D4C00DD4DCD /* AutoDiffDataSource.swift in Sources */ = {isa = PBXBuildFile; fileRef = 022B0FC91B2F2D4C00DD4DCD /* AutoDiffDataSource.swift */; };
		022B0FEE1B2F2D4C00DD4DCD /* CompositeDataSource.swift in Sources */ = {isa = PBXBuildFile; fileRef = 022B0FCA1B2F2D4C00DD4DCD /* CompositeDataSource.swift */; };
		022B0FEF1B2F2D4C00DD4DCD /* EmptyDataSource.swift in Sources */ = {isa = PBXBuildFile; fileRef = 022B0FCB1B2F2D4C00DD4DCD /* EmptyDataSource.swift */; };
		022B0FF01B2F2D4C00DD4DCD /* FetchedResultsDataSource.swift in Sources */ = {isa = PBXBuildFile; fileRef = 022B0FCC1B2F2D4C00DD4DCD /* FetchedResultsDataSource.swift */; };
		022B0FF11B2F2D4C00DD4DCD /* KVODataSource.swift in Sources */ = {isa = PBXBuildFile; fileRef = 022B0FCD1B2F2D4C00DD4DCD /* KVODataSource.swift */; };
		022B0FF21B2F2D4C00DD4DCD /* MappedDataSource.swift in Sources */ = {isa = PBXBuildFile; fileRef = 022B0FCE1B2F2D4C00DD4DCD /* MappedDataSource.swift */; };
		022B0FF31B2F2D4C00DD4DCD /* MutableCompositeDataSource.swift in Sources */ = {isa = PBXBuildFile; fileRef = 022B0FCF1B2F2D4C00DD4DCD /* MutableCompositeDataSource.swift */; };
		022B0FF41B2F2D4C00DD4DCD /* MutableDataSource.swift in Sources */ = {isa = PBXBuildFile; fileRef = 022B0FD01B2F2D4C00DD4DCD /* MutableDataSource.swift */; };
		022B0FF51B2F2D4C00DD4DCD /* ProxyDataSource.swift in Sources */ = {isa = PBXBuildFile; fileRef = 022B0FD11B2F2D4C00DD4DCD /* ProxyDataSource.swift */; };
		022B0FF61B2F2D4C00DD4DCD /* StaticDataSource.swift in Sources */ = {isa = PBXBuildFile; fileRef = 022B0FD21B2F2D4C00DD4DCD /* StaticDataSource.swift */; };
		022B0FF71B2F2D4C00DD4DCD /* DataSourceSection.swift in Sources */ = {isa = PBXBuildFile; fileRef = 022B0FD31B2F2D4C00DD4DCD /* DataSourceSection.swift */; };
		022B0FF81B2F2D4C00DD4DCD /* IndexPathExtensions.swift in Sources */ = {isa = PBXBuildFile; fileRef = 022B0FD41B2F2D4C00DD4DCD /* IndexPathExtensions.swift */; };
		022B0FF91B2F2D4C00DD4DCD /* TableViewCell.swift in Sources */ = {isa = PBXBuildFile; fileRef = 022B0FD61B2F2D4C00DD4DCD /* TableViewCell.swift */; };
		022B0FFA1B2F2D4C00DD4DCD /* TableViewChangeTarget.swift in Sources */ = {isa = PBXBuildFile; fileRef = 022B0FD71B2F2D4C00DD4DCD /* TableViewChangeTarget.swift */; };
		022B0FFB1B2F2D4C00DD4DCD /* TableViewDataSource.swift in Sources */ = {isa = PBXBuildFile; fileRef = 022B0FD81B2F2D4C00DD4DCD /* TableViewDataSource.swift */; };
		022B0FFC1B2F2D4C00DD4DCD /* TableViewDataSourceWithHeaderFooterTitles.swift in Sources */ = {isa = PBXBuildFile; fileRef = 022B0FD91B2F2D4C00DD4DCD /* TableViewDataSourceWithHeaderFooterTitles.swift */; };
		022B0FFD1B2F2D4C00DD4DCD /* TableViewDataSourceWithHeaderFooterViews.swift in Sources */ = {isa = PBXBuildFile; fileRef = 022B0FDA1B2F2D4C00DD4DCD /* TableViewDataSourceWithHeaderFooterViews.swift */; };
		022B0FFE1B2F2D4C00DD4DCD /* TableViewHeaderFooterView.swift in Sources */ = {isa = PBXBuildFile; fileRef = 022B0FDB1B2F2D4C00DD4DCD /* TableViewHeaderFooterView.swift */; };
		028602ED1B7E076300474D04 /* AutoDiff.swift in Sources */ = {isa = PBXBuildFile; fileRef = 028602EC1B7E076200474D04 /* AutoDiff.swift */; };
		028602F51B7E1D2B00474D04 /* AutoDiffSectionsDataSource.swift in Sources */ = {isa = PBXBuildFile; fileRef = 028602F41B7E1D2B00474D04 /* AutoDiffSectionsDataSource.swift */; };
		6B020AFD22045C6000DBAE00 /* TestCells.swift in Sources */ = {isa = PBXBuildFile; fileRef = 6B020AFC22045C6000DBAE00 /* TestCells.swift */; };
		6B020B072208382000DBAE00 /* DataSourceSharedConfiguration.swift in Sources */ = {isa = PBXBuildFile; fileRef = 6B020B062208382000DBAE00 /* DataSourceSharedConfiguration.swift */; };
		6B020B09220842B500DBAE00 /* StaticDataSourceTests.swift in Sources */ = {isa = PBXBuildFile; fileRef = 6B020B08220842B500DBAE00 /* StaticDataSourceTests.swift */; };
		6B020B0B2208479400DBAE00 /* EmptyDataSourceTests.swift in Sources */ = {isa = PBXBuildFile; fileRef = 6B020B0A2208479400DBAE00 /* EmptyDataSourceTests.swift */; };
		6B020B0D2208609B00DBAE00 /* QuickSpecWithDataSets.swift in Sources */ = {isa = PBXBuildFile; fileRef = 6B020B0C2208609B00DBAE00 /* QuickSpecWithDataSets.swift */; };
		6B020B11220864FC00DBAE00 /* ProxyDataSourceTests.swift in Sources */ = {isa = PBXBuildFile; fileRef = 6B020B10220864FC00DBAE00 /* ProxyDataSourceTests.swift */; };
		6B4082C622147FDA00A4CA90 /* Items.xcdatamodeld in Sources */ = {isa = PBXBuildFile; fileRef = 6B4082C422147FDA00A4CA90 /* Items.xcdatamodeld */; };
		6B76E6572202E36E00D2B33E /* Nimble.framework in Frameworks */ = {isa = PBXBuildFile; fileRef = 6B76E6562202E36E00D2B33E /* Nimble.framework */; };
		6B76E6592202E36E00D2B33E /* Quick.framework in Frameworks */ = {isa = PBXBuildFile; fileRef = 6B76E6582202E36E00D2B33E /* Quick.framework */; };
		6B76E65E2202E36E00D2B33E /* DataSource.framework in Frameworks */ = {isa = PBXBuildFile; fileRef = 022B0F991B2F2AE500DD4DCD /* DataSource.framework */; };
		6B7E4AE022115E3700EC9031 /* FetchedResultsDataSourceTests.swift in Sources */ = {isa = PBXBuildFile; fileRef = 6B7E4ADF22115E3700EC9031 /* FetchedResultsDataSourceTests.swift */; };
		6B8941982213205500294F7D /* CoreDataManager.swift in Sources */ = {isa = PBXBuildFile; fileRef = 6B8941972213205500294F7D /* CoreDataManager.swift */; };
		6BCA28EA2208798600D99D97 /* MutableDataSourceTests.swift in Sources */ = {isa = PBXBuildFile; fileRef = 6BCA28E92208798600D99D97 /* MutableDataSourceTests.swift */; };
		6BCA28EC2209662C00D99D97 /* TableViewDataSourceTests.swift in Sources */ = {isa = PBXBuildFile; fileRef = 6BCA28EB2209662C00D99D97 /* TableViewDataSourceTests.swift */; };
		6BCA28EE2209793A00D99D97 /* TableViewDataSourceWithHeaderFooterTitlesTests.swift in Sources */ = {isa = PBXBuildFile; fileRef = 6BCA28ED2209793A00D99D97 /* TableViewDataSourceWithHeaderFooterTitlesTests.swift */; };
		6BCA28F0220979B600D99D97 /* TableViewDataSourceSharedConfiguration.swift in Sources */ = {isa = PBXBuildFile; fileRef = 6BCA28EF220979B600D99D97 /* TableViewDataSourceSharedConfiguration.swift */; };
		6BCA28F2220981B800D99D97 /* TableViewDataSourceWithHeaderFooterViewsTests.swift in Sources */ = {isa = PBXBuildFile; fileRef = 6BCA28F1220981B800D99D97 /* TableViewDataSourceWithHeaderFooterViewsTests.swift */; };
		6BCA28F42209CF4F00D99D97 /* MappedDataSourceTests.swift in Sources */ = {isa = PBXBuildFile; fileRef = 6BCA28F32209CF4F00D99D97 /* MappedDataSourceTests.swift */; };
		6BE5AD6B22144B2400066998 /* ItemsExtensions.swift in Sources */ = {isa = PBXBuildFile; fileRef = 6BE5AD6A22144B2400066998 /* ItemsExtensions.swift */; };
		6BEC0E422201B9FC00AEDC7E /* DataSourceCellDescriptor.swift in Sources */ = {isa = PBXBuildFile; fileRef = 6BEC0E412201B9FC00AEDC7E /* DataSourceCellDescriptor.swift */; };
		6BF8F6D5220A9024007F6209 /* MutableCompositeDataSourceTests.swift in Sources */ = {isa = PBXBuildFile; fileRef = 6BF8F6D4220A9024007F6209 /* MutableCompositeDataSourceTests.swift */; };
		6BF8F6D9220B2633007F6209 /* CompositeDataSourceTests.swift in Sources */ = {isa = PBXBuildFile; fileRef = 6BF8F6D8220B2633007F6209 /* CompositeDataSourceTests.swift */; };
		6BF8F6DB220B2887007F6209 /* AutoDiffDataSourceTests.swift in Sources */ = {isa = PBXBuildFile; fileRef = 6BF8F6DA220B2887007F6209 /* AutoDiffDataSourceTests.swift */; };
		6BF8F6DD220B28A6007F6209 /* AutoDiffSectionsDataSourceTests.swift in Sources */ = {isa = PBXBuildFile; fileRef = 6BF8F6DC220B28A6007F6209 /* AutoDiffSectionsDataSourceTests.swift */; };
		6BF8F6E0220B28F0007F6209 /* CollectionViewDataSourceSharedConfiguration.swift in Sources */ = {isa = PBXBuildFile; fileRef = 6BF8F6DF220B28F0007F6209 /* CollectionViewDataSourceSharedConfiguration.swift */; };
		6BF8F6E2220B2904007F6209 /* CollectionViewDataSourceTests.swift in Sources */ = {isa = PBXBuildFile; fileRef = 6BF8F6E1220B2904007F6209 /* CollectionViewDataSourceTests.swift */; };
		F40E108026717BE9008AC957 /* DataChangeDeleteItems.swift in Sources */ = {isa = PBXBuildFile; fileRef = 022B0FBE1B2F2D4C00DD4DCD /* DataChangeDeleteItems.swift */; };
		F40E108126717BE9008AC957 /* DataChangeInsertItems.swift in Sources */ = {isa = PBXBuildFile; fileRef = 022B0FC01B2F2D4C00DD4DCD /* DataChangeInsertItems.swift */; };
		F40E108226717BE9008AC957 /* DataChangeMoveItem.swift in Sources */ = {isa = PBXBuildFile; fileRef = 022B0FC21B2F2D4C00DD4DCD /* DataChangeMoveItem.swift */; };
		F40E108326717BE9008AC957 /* DataSource.swift in Sources */ = {isa = PBXBuildFile; fileRef = 022B0FC71B2F2D4C00DD4DCD /* DataSource.swift */; };
		F40E108426717BE9008AC957 /* StaticDataSource.swift in Sources */ = {isa = PBXBuildFile; fileRef = 022B0FD21B2F2D4C00DD4DCD /* StaticDataSource.swift */; };
		F40E108526717BE9008AC957 /* DataChangeTarget.swift in Sources */ = {isa = PBXBuildFile; fileRef = 022B0FBB1B2F2D4C00DD4DCD /* DataChangeTarget.swift */; };
		F40E108626717BE9008AC957 /* DataChangeMoveSection.swift in Sources */ = {isa = PBXBuildFile; fileRef = 022B0FC31B2F2D4C00DD4DCD /* DataChangeMoveSection.swift */; };
		F40E108726717BE9008AC957 /* DataChangeReloadData.swift in Sources */ = {isa = PBXBuildFile; fileRef = 022B0FC41B2F2D4C00DD4DCD /* DataChangeReloadData.swift */; };
		F40E108826717BE9008AC957 /* CompositeDataSource.swift in Sources */ = {isa = PBXBuildFile; fileRef = 022B0FCA1B2F2D4C00DD4DCD /* CompositeDataSource.swift */; };
		F40E108926717BE9008AC957 /* DataChange.swift in Sources */ = {isa = PBXBuildFile; fileRef = 022B0FBA1B2F2D4C00DD4DCD /* DataChange.swift */; };
		F40E108A26717BE9008AC957 /* MappedDataSource.swift in Sources */ = {isa = PBXBuildFile; fileRef = 022B0FCE1B2F2D4C00DD4DCD /* MappedDataSource.swift */; };
		F40E108B26717BE9008AC957 /* AutoDiff.swift in Sources */ = {isa = PBXBuildFile; fileRef = 028602EC1B7E076200474D04 /* AutoDiff.swift */; };
		F40E108C26717BE9008AC957 /* AutoDiffSectionsDataSource.swift in Sources */ = {isa = PBXBuildFile; fileRef = 028602F41B7E1D2B00474D04 /* AutoDiffSectionsDataSource.swift */; };
		F40E108D26717BE9008AC957 /* Sequence+DataSource.swift in Sources */ = {isa = PBXBuildFile; fileRef = F4E343F525E6BE9F00BA4013 /* Sequence+DataSource.swift */; };
		F40E108E26717BE9008AC957 /* DataChangeBatch.swift in Sources */ = {isa = PBXBuildFile; fileRef = 022B0FBD1B2F2D4C00DD4DCD /* DataChangeBatch.swift */; };
		F40E108F26717BE9008AC957 /* ProxyDataSource.swift in Sources */ = {isa = PBXBuildFile; fileRef = 022B0FD11B2F2D4C00DD4DCD /* ProxyDataSource.swift */; };
		F40E109026717BE9008AC957 /* Publisher+Helpers.swift in Sources */ = {isa = PBXBuildFile; fileRef = F4E343DA25E6B4F700BA4013 /* Publisher+Helpers.swift */; };
		F40E109126717BE9008AC957 /* DataSourceItemReceiver.swift in Sources */ = {isa = PBXBuildFile; fileRef = 021FAD441BB2D77C001300A0 /* DataSourceItemReceiver.swift */; };
		F40E109226717BE9008AC957 /* DataChangeInsertSections.swift in Sources */ = {isa = PBXBuildFile; fileRef = 022B0FC11B2F2D4C00DD4DCD /* DataChangeInsertSections.swift */; };
		F40E109326717BE9008AC957 /* DataChangeDeleteSections.swift in Sources */ = {isa = PBXBuildFile; fileRef = 022B0FBF1B2F2D4C00DD4DCD /* DataChangeDeleteSections.swift */; };
		F40E109426717BE9008AC957 /* DataSourceSection.swift in Sources */ = {isa = PBXBuildFile; fileRef = 022B0FD31B2F2D4C00DD4DCD /* DataSourceSection.swift */; };
		F40E109526717BE9008AC957 /* AutoDiffDataSource.swift in Sources */ = {isa = PBXBuildFile; fileRef = 022B0FC91B2F2D4C00DD4DCD /* AutoDiffDataSource.swift */; };
		F40E109626717BE9008AC957 /* FetchedResultsDataSource.swift in Sources */ = {isa = PBXBuildFile; fileRef = 022B0FCC1B2F2D4C00DD4DCD /* FetchedResultsDataSource.swift */; };
		F40E109726717BE9008AC957 /* DataChangeReloadItems.swift in Sources */ = {isa = PBXBuildFile; fileRef = 022B0FC51B2F2D4C00DD4DCD /* DataChangeReloadItems.swift */; };
		F40E109826717BE9008AC957 /* KVODataSource.swift in Sources */ = {isa = PBXBuildFile; fileRef = 022B0FCD1B2F2D4C00DD4DCD /* KVODataSource.swift */; };
		F40E109926717BE9008AC957 /* IndexPathExtensions.swift in Sources */ = {isa = PBXBuildFile; fileRef = 022B0FD41B2F2D4C00DD4DCD /* IndexPathExtensions.swift */; };
		F40E109A26717BE9008AC957 /* MapHelpers.swift in Sources */ = {isa = PBXBuildFile; fileRef = F4E343EF25E6BC0F00BA4013 /* MapHelpers.swift */; };
		F40E109B26717BE9008AC957 /* DataSource.h in Headers */ = {isa = PBXBuildFile; fileRef = 022B0F9E1B2F2AE500DD4DCD /* DataSource.h */; settings = {ATTRIBUTES = (Public, ); }; };
		F40E109D26717BE9008AC957 /* DataChangeReloadSections.swift in Sources */ = {isa = PBXBuildFile; fileRef = 022B0FC61B2F2D4C00DD4DCD /* DataChangeReloadSections.swift */; };
		F40E109E26717BE9008AC957 /* EmptyDataSource.swift in Sources */ = {isa = PBXBuildFile; fileRef = 022B0FCB1B2F2D4C00DD4DCD /* EmptyDataSource.swift */; };
		F40E109F26717BE9008AC957 /* MutableCompositeDataSource.swift in Sources */ = {isa = PBXBuildFile; fileRef = 022B0FCF1B2F2D4C00DD4DCD /* MutableCompositeDataSource.swift */; };
		F40E10A026717BE9008AC957 /* MutableDataSource.swift in Sources */ = {isa = PBXBuildFile; fileRef = 022B0FD01B2F2D4C00DD4DCD /* MutableDataSource.swift */; };
		F40E10A126717C81008AC957 /* DataSourceCellDescriptor.swift in Sources */ = {isa = PBXBuildFile; fileRef = 6BEC0E412201B9FC00AEDC7E /* DataSourceCellDescriptor.swift */; };
		F4E343DB25E6B4F700BA4013 /* Publisher+Helpers.swift in Sources */ = {isa = PBXBuildFile; fileRef = F4E343DA25E6B4F700BA4013 /* Publisher+Helpers.swift */; };
		F4E343DC25E6B4F700BA4013 /* Publisher+Helpers.swift in Sources */ = {isa = PBXBuildFile; fileRef = F4E343DA25E6B4F700BA4013 /* Publisher+Helpers.swift */; };
		F4E343F025E6BC0F00BA4013 /* MapHelpers.swift in Sources */ = {isa = PBXBuildFile; fileRef = F4E343EF25E6BC0F00BA4013 /* MapHelpers.swift */; };
		F4E343F125E6BC0F00BA4013 /* MapHelpers.swift in Sources */ = {isa = PBXBuildFile; fileRef = F4E343EF25E6BC0F00BA4013 /* MapHelpers.swift */; };
		F4E343F625E6BE9F00BA4013 /* Sequence+DataSource.swift in Sources */ = {isa = PBXBuildFile; fileRef = F4E343F525E6BE9F00BA4013 /* Sequence+DataSource.swift */; };
		F4E343F725E6BE9F00BA4013 /* Sequence+DataSource.swift in Sources */ = {isa = PBXBuildFile; fileRef = F4E343F525E6BE9F00BA4013 /* Sequence+DataSource.swift */; };
		FCBEE8E41DA8F4AF00F59863 /* CollectionViewCell.swift in Sources */ = {isa = PBXBuildFile; fileRef = 022B0FB61B2F2D4B00DD4DCD /* CollectionViewCell.swift */; };
		FCBEE8E51DA8F4AF00F59863 /* CollectionViewChangeTarget.swift in Sources */ = {isa = PBXBuildFile; fileRef = 022B0FB71B2F2D4B00DD4DCD /* CollectionViewChangeTarget.swift */; };
		FCBEE8E61DA8F4AF00F59863 /* CollectionViewDataSource.swift in Sources */ = {isa = PBXBuildFile; fileRef = 022B0FB81B2F2D4B00DD4DCD /* CollectionViewDataSource.swift */; };
		FCBEE8E71DA8F4AF00F59863 /* CollectionViewReusableView.swift in Sources */ = {isa = PBXBuildFile; fileRef = 022B0FB91B2F2D4B00DD4DCD /* CollectionViewReusableView.swift */; };
		FCBEE8E81DA8F4AF00F59863 /* DataChange.swift in Sources */ = {isa = PBXBuildFile; fileRef = 022B0FBA1B2F2D4C00DD4DCD /* DataChange.swift */; };
		FCBEE8E91DA8F4AF00F59863 /* DataChangeTarget.swift in Sources */ = {isa = PBXBuildFile; fileRef = 022B0FBB1B2F2D4C00DD4DCD /* DataChangeTarget.swift */; };
		FCBEE8EA1DA8F4AF00F59863 /* DataChangeBatch.swift in Sources */ = {isa = PBXBuildFile; fileRef = 022B0FBD1B2F2D4C00DD4DCD /* DataChangeBatch.swift */; };
		FCBEE8EB1DA8F4AF00F59863 /* DataChangeDeleteItems.swift in Sources */ = {isa = PBXBuildFile; fileRef = 022B0FBE1B2F2D4C00DD4DCD /* DataChangeDeleteItems.swift */; };
		FCBEE8EC1DA8F4AF00F59863 /* DataChangeDeleteSections.swift in Sources */ = {isa = PBXBuildFile; fileRef = 022B0FBF1B2F2D4C00DD4DCD /* DataChangeDeleteSections.swift */; };
		FCBEE8ED1DA8F4AF00F59863 /* DataChangeInsertItems.swift in Sources */ = {isa = PBXBuildFile; fileRef = 022B0FC01B2F2D4C00DD4DCD /* DataChangeInsertItems.swift */; };
		FCBEE8EE1DA8F4AF00F59863 /* DataChangeInsertSections.swift in Sources */ = {isa = PBXBuildFile; fileRef = 022B0FC11B2F2D4C00DD4DCD /* DataChangeInsertSections.swift */; };
		FCBEE8EF1DA8F4AF00F59863 /* DataChangeMoveItem.swift in Sources */ = {isa = PBXBuildFile; fileRef = 022B0FC21B2F2D4C00DD4DCD /* DataChangeMoveItem.swift */; };
		FCBEE8F01DA8F4AF00F59863 /* DataChangeMoveSection.swift in Sources */ = {isa = PBXBuildFile; fileRef = 022B0FC31B2F2D4C00DD4DCD /* DataChangeMoveSection.swift */; };
		FCBEE8F11DA8F4AF00F59863 /* DataChangeReloadData.swift in Sources */ = {isa = PBXBuildFile; fileRef = 022B0FC41B2F2D4C00DD4DCD /* DataChangeReloadData.swift */; };
		FCBEE8F21DA8F4AF00F59863 /* DataChangeReloadItems.swift in Sources */ = {isa = PBXBuildFile; fileRef = 022B0FC51B2F2D4C00DD4DCD /* DataChangeReloadItems.swift */; };
		FCBEE8F31DA8F4AF00F59863 /* DataChangeReloadSections.swift in Sources */ = {isa = PBXBuildFile; fileRef = 022B0FC61B2F2D4C00DD4DCD /* DataChangeReloadSections.swift */; };
		FCBEE8F41DA8F4AF00F59863 /* DataSource.swift in Sources */ = {isa = PBXBuildFile; fileRef = 022B0FC71B2F2D4C00DD4DCD /* DataSource.swift */; };
		FCBEE8F51DA8F4AF00F59863 /* DataSourceItemReceiver.swift in Sources */ = {isa = PBXBuildFile; fileRef = 021FAD441BB2D77C001300A0 /* DataSourceItemReceiver.swift */; };
		FCBEE8F61DA8F4AF00F59863 /* AutoDiff.swift in Sources */ = {isa = PBXBuildFile; fileRef = 028602EC1B7E076200474D04 /* AutoDiff.swift */; };
		FCBEE8F71DA8F4AF00F59863 /* AutoDiffDataSource.swift in Sources */ = {isa = PBXBuildFile; fileRef = 022B0FC91B2F2D4C00DD4DCD /* AutoDiffDataSource.swift */; };
		FCBEE8F81DA8F4AF00F59863 /* AutoDiffSectionsDataSource.swift in Sources */ = {isa = PBXBuildFile; fileRef = 028602F41B7E1D2B00474D04 /* AutoDiffSectionsDataSource.swift */; };
		FCBEE8F91DA8F4AF00F59863 /* CompositeDataSource.swift in Sources */ = {isa = PBXBuildFile; fileRef = 022B0FCA1B2F2D4C00DD4DCD /* CompositeDataSource.swift */; };
		FCBEE8FA1DA8F4AF00F59863 /* DataSourceSection.swift in Sources */ = {isa = PBXBuildFile; fileRef = 022B0FD31B2F2D4C00DD4DCD /* DataSourceSection.swift */; };
		FCBEE8FB1DA8F4AF00F59863 /* EmptyDataSource.swift in Sources */ = {isa = PBXBuildFile; fileRef = 022B0FCB1B2F2D4C00DD4DCD /* EmptyDataSource.swift */; };
		FCBEE8FC1DA8F4AF00F59863 /* FetchedResultsDataSource.swift in Sources */ = {isa = PBXBuildFile; fileRef = 022B0FCC1B2F2D4C00DD4DCD /* FetchedResultsDataSource.swift */; };
		FCBEE8FD1DA8F4AF00F59863 /* KVODataSource.swift in Sources */ = {isa = PBXBuildFile; fileRef = 022B0FCD1B2F2D4C00DD4DCD /* KVODataSource.swift */; };
		FCBEE8FE1DA8F4AF00F59863 /* MappedDataSource.swift in Sources */ = {isa = PBXBuildFile; fileRef = 022B0FCE1B2F2D4C00DD4DCD /* MappedDataSource.swift */; };
		FCBEE8FF1DA8F4AF00F59863 /* MutableCompositeDataSource.swift in Sources */ = {isa = PBXBuildFile; fileRef = 022B0FCF1B2F2D4C00DD4DCD /* MutableCompositeDataSource.swift */; };
		FCBEE9001DA8F4AF00F59863 /* MutableDataSource.swift in Sources */ = {isa = PBXBuildFile; fileRef = 022B0FD01B2F2D4C00DD4DCD /* MutableDataSource.swift */; };
		FCBEE9011DA8F4AF00F59863 /* ProxyDataSource.swift in Sources */ = {isa = PBXBuildFile; fileRef = 022B0FD11B2F2D4C00DD4DCD /* ProxyDataSource.swift */; };
		FCBEE9021DA8F4AF00F59863 /* StaticDataSource.swift in Sources */ = {isa = PBXBuildFile; fileRef = 022B0FD21B2F2D4C00DD4DCD /* StaticDataSource.swift */; };
		FCBEE9031DA8F4AF00F59863 /* IndexPathExtensions.swift in Sources */ = {isa = PBXBuildFile; fileRef = 022B0FD41B2F2D4C00DD4DCD /* IndexPathExtensions.swift */; };
		FCBEE9041DA8F4AF00F59863 /* TableViewCell.swift in Sources */ = {isa = PBXBuildFile; fileRef = 022B0FD61B2F2D4C00DD4DCD /* TableViewCell.swift */; };
		FCBEE9051DA8F4AF00F59863 /* TableViewChangeTarget.swift in Sources */ = {isa = PBXBuildFile; fileRef = 022B0FD71B2F2D4C00DD4DCD /* TableViewChangeTarget.swift */; };
		FCBEE9061DA8F4AF00F59863 /* TableViewDataSource.swift in Sources */ = {isa = PBXBuildFile; fileRef = 022B0FD81B2F2D4C00DD4DCD /* TableViewDataSource.swift */; };
		FCBEE9071DA8F4AF00F59863 /* TableViewDataSourceWithHeaderFooterTitles.swift in Sources */ = {isa = PBXBuildFile; fileRef = 022B0FD91B2F2D4C00DD4DCD /* TableViewDataSourceWithHeaderFooterTitles.swift */; };
		FCBEE9081DA8F4AF00F59863 /* TableViewDataSourceWithHeaderFooterViews.swift in Sources */ = {isa = PBXBuildFile; fileRef = 022B0FDA1B2F2D4C00DD4DCD /* TableViewDataSourceWithHeaderFooterViews.swift */; };
		FCBEE9091DA8F4AF00F59863 /* TableViewHeaderFooterView.swift in Sources */ = {isa = PBXBuildFile; fileRef = 022B0FDB1B2F2D4C00DD4DCD /* TableViewHeaderFooterView.swift */; };
		FCBEE90A1DA8F4BB00F59863 /* DataSource.h in Headers */ = {isa = PBXBuildFile; fileRef = 022B0F9E1B2F2AE500DD4DCD /* DataSource.h */; settings = {ATTRIBUTES = (Public, ); }; };
/* End PBXBuildFile section */

/* Begin PBXFileReference section */
		021FAD441BB2D77C001300A0 /* DataSourceItemReceiver.swift */ = {isa = PBXFileReference; fileEncoding = 4; lastKnownFileType = sourcecode.swift; path = DataSourceItemReceiver.swift; sourceTree = "<group>"; };
		022B0F991B2F2AE500DD4DCD /* DataSource.framework */ = {isa = PBXFileReference; explicitFileType = wrapper.framework; includeInIndex = 0; path = DataSource.framework; sourceTree = BUILT_PRODUCTS_DIR; };
		022B0F9D1B2F2AE500DD4DCD /* Info.plist */ = {isa = PBXFileReference; lastKnownFileType = text.plist.xml; path = Info.plist; sourceTree = "<group>"; };
		022B0F9E1B2F2AE500DD4DCD /* DataSource.h */ = {isa = PBXFileReference; lastKnownFileType = sourcecode.c.h; path = DataSource.h; sourceTree = "<group>"; };
		022B0FA41B2F2AE500DD4DCD /* DataSourceTests.xctest */ = {isa = PBXFileReference; explicitFileType = wrapper.cfbundle; includeInIndex = 0; path = DataSourceTests.xctest; sourceTree = BUILT_PRODUCTS_DIR; };
		022B0FAA1B2F2AE500DD4DCD /* Info.plist */ = {isa = PBXFileReference; lastKnownFileType = text.plist.xml; path = Info.plist; sourceTree = "<group>"; };
		022B0FB61B2F2D4B00DD4DCD /* CollectionViewCell.swift */ = {isa = PBXFileReference; fileEncoding = 4; lastKnownFileType = sourcecode.swift; path = CollectionViewCell.swift; sourceTree = "<group>"; };
		022B0FB71B2F2D4B00DD4DCD /* CollectionViewChangeTarget.swift */ = {isa = PBXFileReference; fileEncoding = 4; lastKnownFileType = sourcecode.swift; path = CollectionViewChangeTarget.swift; sourceTree = "<group>"; };
		022B0FB81B2F2D4B00DD4DCD /* CollectionViewDataSource.swift */ = {isa = PBXFileReference; fileEncoding = 4; lastKnownFileType = sourcecode.swift; path = CollectionViewDataSource.swift; sourceTree = "<group>"; };
		022B0FB91B2F2D4B00DD4DCD /* CollectionViewReusableView.swift */ = {isa = PBXFileReference; fileEncoding = 4; lastKnownFileType = sourcecode.swift; path = CollectionViewReusableView.swift; sourceTree = "<group>"; };
		022B0FBA1B2F2D4C00DD4DCD /* DataChange.swift */ = {isa = PBXFileReference; fileEncoding = 4; lastKnownFileType = sourcecode.swift; path = DataChange.swift; sourceTree = "<group>"; };
		022B0FBB1B2F2D4C00DD4DCD /* DataChangeTarget.swift */ = {isa = PBXFileReference; fileEncoding = 4; lastKnownFileType = sourcecode.swift; path = DataChangeTarget.swift; sourceTree = "<group>"; };
		022B0FBD1B2F2D4C00DD4DCD /* DataChangeBatch.swift */ = {isa = PBXFileReference; fileEncoding = 4; lastKnownFileType = sourcecode.swift; path = DataChangeBatch.swift; sourceTree = "<group>"; };
		022B0FBE1B2F2D4C00DD4DCD /* DataChangeDeleteItems.swift */ = {isa = PBXFileReference; fileEncoding = 4; lastKnownFileType = sourcecode.swift; path = DataChangeDeleteItems.swift; sourceTree = "<group>"; };
		022B0FBF1B2F2D4C00DD4DCD /* DataChangeDeleteSections.swift */ = {isa = PBXFileReference; fileEncoding = 4; lastKnownFileType = sourcecode.swift; path = DataChangeDeleteSections.swift; sourceTree = "<group>"; };
		022B0FC01B2F2D4C00DD4DCD /* DataChangeInsertItems.swift */ = {isa = PBXFileReference; fileEncoding = 4; lastKnownFileType = sourcecode.swift; path = DataChangeInsertItems.swift; sourceTree = "<group>"; };
		022B0FC11B2F2D4C00DD4DCD /* DataChangeInsertSections.swift */ = {isa = PBXFileReference; fileEncoding = 4; lastKnownFileType = sourcecode.swift; path = DataChangeInsertSections.swift; sourceTree = "<group>"; };
		022B0FC21B2F2D4C00DD4DCD /* DataChangeMoveItem.swift */ = {isa = PBXFileReference; fileEncoding = 4; lastKnownFileType = sourcecode.swift; path = DataChangeMoveItem.swift; sourceTree = "<group>"; };
		022B0FC31B2F2D4C00DD4DCD /* DataChangeMoveSection.swift */ = {isa = PBXFileReference; fileEncoding = 4; lastKnownFileType = sourcecode.swift; path = DataChangeMoveSection.swift; sourceTree = "<group>"; };
		022B0FC41B2F2D4C00DD4DCD /* DataChangeReloadData.swift */ = {isa = PBXFileReference; fileEncoding = 4; lastKnownFileType = sourcecode.swift; path = DataChangeReloadData.swift; sourceTree = "<group>"; };
		022B0FC51B2F2D4C00DD4DCD /* DataChangeReloadItems.swift */ = {isa = PBXFileReference; fileEncoding = 4; lastKnownFileType = sourcecode.swift; path = DataChangeReloadItems.swift; sourceTree = "<group>"; };
		022B0FC61B2F2D4C00DD4DCD /* DataChangeReloadSections.swift */ = {isa = PBXFileReference; fileEncoding = 4; lastKnownFileType = sourcecode.swift; path = DataChangeReloadSections.swift; sourceTree = "<group>"; };
		022B0FC71B2F2D4C00DD4DCD /* DataSource.swift */ = {isa = PBXFileReference; fileEncoding = 4; lastKnownFileType = sourcecode.swift; path = DataSource.swift; sourceTree = "<group>"; };
		022B0FC91B2F2D4C00DD4DCD /* AutoDiffDataSource.swift */ = {isa = PBXFileReference; fileEncoding = 4; lastKnownFileType = sourcecode.swift; path = AutoDiffDataSource.swift; sourceTree = "<group>"; };
		022B0FCA1B2F2D4C00DD4DCD /* CompositeDataSource.swift */ = {isa = PBXFileReference; fileEncoding = 4; lastKnownFileType = sourcecode.swift; path = CompositeDataSource.swift; sourceTree = "<group>"; };
		022B0FCB1B2F2D4C00DD4DCD /* EmptyDataSource.swift */ = {isa = PBXFileReference; fileEncoding = 4; lastKnownFileType = sourcecode.swift; path = EmptyDataSource.swift; sourceTree = "<group>"; };
		022B0FCC1B2F2D4C00DD4DCD /* FetchedResultsDataSource.swift */ = {isa = PBXFileReference; fileEncoding = 4; lastKnownFileType = sourcecode.swift; path = FetchedResultsDataSource.swift; sourceTree = "<group>"; };
		022B0FCD1B2F2D4C00DD4DCD /* KVODataSource.swift */ = {isa = PBXFileReference; fileEncoding = 4; lastKnownFileType = sourcecode.swift; path = KVODataSource.swift; sourceTree = "<group>"; };
		022B0FCE1B2F2D4C00DD4DCD /* MappedDataSource.swift */ = {isa = PBXFileReference; fileEncoding = 4; lastKnownFileType = sourcecode.swift; path = MappedDataSource.swift; sourceTree = "<group>"; };
		022B0FCF1B2F2D4C00DD4DCD /* MutableCompositeDataSource.swift */ = {isa = PBXFileReference; fileEncoding = 4; lastKnownFileType = sourcecode.swift; path = MutableCompositeDataSource.swift; sourceTree = "<group>"; };
		022B0FD01B2F2D4C00DD4DCD /* MutableDataSource.swift */ = {isa = PBXFileReference; fileEncoding = 4; lastKnownFileType = sourcecode.swift; path = MutableDataSource.swift; sourceTree = "<group>"; };
		022B0FD11B2F2D4C00DD4DCD /* ProxyDataSource.swift */ = {isa = PBXFileReference; fileEncoding = 4; lastKnownFileType = sourcecode.swift; path = ProxyDataSource.swift; sourceTree = "<group>"; };
		022B0FD21B2F2D4C00DD4DCD /* StaticDataSource.swift */ = {isa = PBXFileReference; fileEncoding = 4; lastKnownFileType = sourcecode.swift; path = StaticDataSource.swift; sourceTree = "<group>"; };
		022B0FD31B2F2D4C00DD4DCD /* DataSourceSection.swift */ = {isa = PBXFileReference; fileEncoding = 4; lastKnownFileType = sourcecode.swift; path = DataSourceSection.swift; sourceTree = "<group>"; };
		022B0FD41B2F2D4C00DD4DCD /* IndexPathExtensions.swift */ = {isa = PBXFileReference; fileEncoding = 4; lastKnownFileType = sourcecode.swift; path = IndexPathExtensions.swift; sourceTree = "<group>"; };
		022B0FD61B2F2D4C00DD4DCD /* TableViewCell.swift */ = {isa = PBXFileReference; fileEncoding = 4; lastKnownFileType = sourcecode.swift; path = TableViewCell.swift; sourceTree = "<group>"; };
		022B0FD71B2F2D4C00DD4DCD /* TableViewChangeTarget.swift */ = {isa = PBXFileReference; fileEncoding = 4; lastKnownFileType = sourcecode.swift; path = TableViewChangeTarget.swift; sourceTree = "<group>"; };
		022B0FD81B2F2D4C00DD4DCD /* TableViewDataSource.swift */ = {isa = PBXFileReference; fileEncoding = 4; lastKnownFileType = sourcecode.swift; path = TableViewDataSource.swift; sourceTree = "<group>"; };
		022B0FD91B2F2D4C00DD4DCD /* TableViewDataSourceWithHeaderFooterTitles.swift */ = {isa = PBXFileReference; fileEncoding = 4; lastKnownFileType = sourcecode.swift; path = TableViewDataSourceWithHeaderFooterTitles.swift; sourceTree = "<group>"; };
		022B0FDA1B2F2D4C00DD4DCD /* TableViewDataSourceWithHeaderFooterViews.swift */ = {isa = PBXFileReference; fileEncoding = 4; lastKnownFileType = sourcecode.swift; path = TableViewDataSourceWithHeaderFooterViews.swift; sourceTree = "<group>"; };
		022B0FDB1B2F2D4C00DD4DCD /* TableViewHeaderFooterView.swift */ = {isa = PBXFileReference; fileEncoding = 4; lastKnownFileType = sourcecode.swift; path = TableViewHeaderFooterView.swift; sourceTree = "<group>"; };
		028602EC1B7E076200474D04 /* AutoDiff.swift */ = {isa = PBXFileReference; fileEncoding = 4; lastKnownFileType = sourcecode.swift; path = AutoDiff.swift; sourceTree = "<group>"; };
		028602F41B7E1D2B00474D04 /* AutoDiffSectionsDataSource.swift */ = {isa = PBXFileReference; fileEncoding = 4; lastKnownFileType = sourcecode.swift; path = AutoDiffSectionsDataSource.swift; sourceTree = "<group>"; };
		0286CF9E1BE26FB900F76C86 /* ReactiveSwift.framework */ = {isa = PBXFileReference; lastKnownFileType = wrapper.framework; path = ReactiveSwift.framework; sourceTree = BUILT_PRODUCTS_DIR; };
		0286CFA01BE26FC000F76C86 /* Result.framework */ = {isa = PBXFileReference; lastKnownFileType = wrapper.framework; path = Result.framework; sourceTree = BUILT_PRODUCTS_DIR; };
		6B020AFC22045C6000DBAE00 /* TestCells.swift */ = {isa = PBXFileReference; lastKnownFileType = sourcecode.swift; path = TestCells.swift; sourceTree = "<group>"; };
		6B020B062208382000DBAE00 /* DataSourceSharedConfiguration.swift */ = {isa = PBXFileReference; lastKnownFileType = sourcecode.swift; path = DataSourceSharedConfiguration.swift; sourceTree = "<group>"; };
		6B020B08220842B500DBAE00 /* StaticDataSourceTests.swift */ = {isa = PBXFileReference; lastKnownFileType = sourcecode.swift; path = StaticDataSourceTests.swift; sourceTree = "<group>"; };
		6B020B0A2208479400DBAE00 /* EmptyDataSourceTests.swift */ = {isa = PBXFileReference; lastKnownFileType = sourcecode.swift; path = EmptyDataSourceTests.swift; sourceTree = "<group>"; };
		6B020B0C2208609B00DBAE00 /* QuickSpecWithDataSets.swift */ = {isa = PBXFileReference; lastKnownFileType = sourcecode.swift; path = QuickSpecWithDataSets.swift; sourceTree = "<group>"; };
		6B020B10220864FC00DBAE00 /* ProxyDataSourceTests.swift */ = {isa = PBXFileReference; lastKnownFileType = sourcecode.swift; path = ProxyDataSourceTests.swift; sourceTree = "<group>"; };
		6B4082C522147FDA00A4CA90 /* Items.xcdatamodel */ = {isa = PBXFileReference; lastKnownFileType = wrapper.xcdatamodel; path = Items.xcdatamodel; sourceTree = "<group>"; };
		6B76E6562202E36E00D2B33E /* Nimble.framework */ = {isa = PBXFileReference; explicitFileType = wrapper.framework; path = Nimble.framework; sourceTree = BUILT_PRODUCTS_DIR; };
		6B76E6582202E36E00D2B33E /* Quick.framework */ = {isa = PBXFileReference; explicitFileType = wrapper.framework; path = Quick.framework; sourceTree = BUILT_PRODUCTS_DIR; };
		6B76E65A2202E36E00D2B33E /* ReactiveSwift.framework */ = {isa = PBXFileReference; explicitFileType = wrapper.framework; path = ReactiveSwift.framework; sourceTree = BUILT_PRODUCTS_DIR; };
		6B76E65C2202E36E00D2B33E /* Result.framework */ = {isa = PBXFileReference; explicitFileType = wrapper.framework; path = Result.framework; sourceTree = BUILT_PRODUCTS_DIR; };
		6B7E4ADF22115E3700EC9031 /* FetchedResultsDataSourceTests.swift */ = {isa = PBXFileReference; lastKnownFileType = sourcecode.swift; path = FetchedResultsDataSourceTests.swift; sourceTree = "<group>"; };
		6B8941972213205500294F7D /* CoreDataManager.swift */ = {isa = PBXFileReference; lastKnownFileType = sourcecode.swift; path = CoreDataManager.swift; sourceTree = "<group>"; };
		6BCA28E92208798600D99D97 /* MutableDataSourceTests.swift */ = {isa = PBXFileReference; lastKnownFileType = sourcecode.swift; path = MutableDataSourceTests.swift; sourceTree = "<group>"; };
		6BCA28EB2209662C00D99D97 /* TableViewDataSourceTests.swift */ = {isa = PBXFileReference; lastKnownFileType = sourcecode.swift; path = TableViewDataSourceTests.swift; sourceTree = "<group>"; };
		6BCA28ED2209793A00D99D97 /* TableViewDataSourceWithHeaderFooterTitlesTests.swift */ = {isa = PBXFileReference; lastKnownFileType = sourcecode.swift; path = TableViewDataSourceWithHeaderFooterTitlesTests.swift; sourceTree = "<group>"; };
		6BCA28EF220979B600D99D97 /* TableViewDataSourceSharedConfiguration.swift */ = {isa = PBXFileReference; lastKnownFileType = sourcecode.swift; path = TableViewDataSourceSharedConfiguration.swift; sourceTree = "<group>"; };
		6BCA28F1220981B800D99D97 /* TableViewDataSourceWithHeaderFooterViewsTests.swift */ = {isa = PBXFileReference; lastKnownFileType = sourcecode.swift; path = TableViewDataSourceWithHeaderFooterViewsTests.swift; sourceTree = "<group>"; };
		6BCA28F32209CF4F00D99D97 /* MappedDataSourceTests.swift */ = {isa = PBXFileReference; lastKnownFileType = sourcecode.swift; path = MappedDataSourceTests.swift; sourceTree = "<group>"; };
		6BE5AD6A22144B2400066998 /* ItemsExtensions.swift */ = {isa = PBXFileReference; lastKnownFileType = sourcecode.swift; path = ItemsExtensions.swift; sourceTree = "<group>"; };
		6BEC0E412201B9FC00AEDC7E /* DataSourceCellDescriptor.swift */ = {isa = PBXFileReference; lastKnownFileType = sourcecode.swift; path = DataSourceCellDescriptor.swift; sourceTree = "<group>"; };
		6BF8F6D4220A9024007F6209 /* MutableCompositeDataSourceTests.swift */ = {isa = PBXFileReference; lastKnownFileType = sourcecode.swift; path = MutableCompositeDataSourceTests.swift; sourceTree = "<group>"; };
		6BF8F6D8220B2633007F6209 /* CompositeDataSourceTests.swift */ = {isa = PBXFileReference; lastKnownFileType = sourcecode.swift; path = CompositeDataSourceTests.swift; sourceTree = "<group>"; };
		6BF8F6DA220B2887007F6209 /* AutoDiffDataSourceTests.swift */ = {isa = PBXFileReference; lastKnownFileType = sourcecode.swift; path = AutoDiffDataSourceTests.swift; sourceTree = "<group>"; };
		6BF8F6DC220B28A6007F6209 /* AutoDiffSectionsDataSourceTests.swift */ = {isa = PBXFileReference; lastKnownFileType = sourcecode.swift; path = AutoDiffSectionsDataSourceTests.swift; sourceTree = "<group>"; };
		6BF8F6DF220B28F0007F6209 /* CollectionViewDataSourceSharedConfiguration.swift */ = {isa = PBXFileReference; lastKnownFileType = sourcecode.swift; path = CollectionViewDataSourceSharedConfiguration.swift; sourceTree = "<group>"; };
		6BF8F6E1220B2904007F6209 /* CollectionViewDataSourceTests.swift */ = {isa = PBXFileReference; lastKnownFileType = sourcecode.swift; path = CollectionViewDataSourceTests.swift; sourceTree = "<group>"; };
		F40E107826717B5B008AC957 /* DataSource.framework */ = {isa = PBXFileReference; explicitFileType = wrapper.framework; includeInIndex = 0; path = DataSource.framework; sourceTree = BUILT_PRODUCTS_DIR; };
		F4E343DA25E6B4F700BA4013 /* Publisher+Helpers.swift */ = {isa = PBXFileReference; lastKnownFileType = sourcecode.swift; path = "Publisher+Helpers.swift"; sourceTree = "<group>"; };
		F4E343EF25E6BC0F00BA4013 /* MapHelpers.swift */ = {isa = PBXFileReference; lastKnownFileType = sourcecode.swift; path = MapHelpers.swift; sourceTree = "<group>"; };
		F4E343F525E6BE9F00BA4013 /* Sequence+DataSource.swift */ = {isa = PBXFileReference; lastKnownFileType = sourcecode.swift; path = "Sequence+DataSource.swift"; sourceTree = "<group>"; };
		FC9E4A5D1DA83C7C00258CCF /* ReactiveSwift.framework */ = {isa = PBXFileReference; lastKnownFileType = wrapper.framework; name = ReactiveSwift.framework; path = "../../Library/Developer/Xcode/DerivedData/DataSource-bxcnryyouvctozbdlqspowjdewgq/Build/Products/Debug-appletvsimulator/ReactiveSwift.framework"; sourceTree = "<group>"; };
		FC9E4A5E1DA83C7C00258CCF /* Result.framework */ = {isa = PBXFileReference; lastKnownFileType = wrapper.framework; name = Result.framework; path = "../../Library/Developer/Xcode/DerivedData/DataSource-bxcnryyouvctozbdlqspowjdewgq/Build/Products/Debug-appletvsimulator/Result.framework"; sourceTree = "<group>"; };
		FCBEE8DC1DA8F41C00F59863 /* DataSource.framework */ = {isa = PBXFileReference; explicitFileType = wrapper.framework; includeInIndex = 0; path = DataSource.framework; sourceTree = BUILT_PRODUCTS_DIR; };
/* End PBXFileReference section */

/* Begin PBXFrameworksBuildPhase section */
		022B0F951B2F2AE500DD4DCD /* Frameworks */ = {
			isa = PBXFrameworksBuildPhase;
			buildActionMask = 2147483647;
			files = (
			);
			runOnlyForDeploymentPostprocessing = 0;
		};
		6B76E6552202E12D00D2B33E /* Frameworks */ = {
			isa = PBXFrameworksBuildPhase;
			buildActionMask = 2147483647;
			files = (
				6B76E65E2202E36E00D2B33E /* DataSource.framework in Frameworks */,
				6B76E6572202E36E00D2B33E /* Nimble.framework in Frameworks */,
				6B76E6592202E36E00D2B33E /* Quick.framework in Frameworks */,
			);
			runOnlyForDeploymentPostprocessing = 0;
		};
		F40E107526717B5B008AC957 /* Frameworks */ = {
			isa = PBXFrameworksBuildPhase;
			buildActionMask = 2147483647;
			files = (
			);
			runOnlyForDeploymentPostprocessing = 0;
		};
		FCBEE8D81DA8F41C00F59863 /* Frameworks */ = {
			isa = PBXFrameworksBuildPhase;
			buildActionMask = 2147483647;
			files = (
			);
			runOnlyForDeploymentPostprocessing = 0;
		};
/* End PBXFrameworksBuildPhase section */

/* Begin PBXGroup section */
		022B0F8F1B2F2AE500DD4DCD = {
			isa = PBXGroup;
			children = (
				022B10351B2F341200DD4DCD /* Frameworks */,
				022B0F9B1B2F2AE500DD4DCD /* DataSource */,
				022B0FA81B2F2AE500DD4DCD /* DataSourceTests */,
				022B0F9A1B2F2AE500DD4DCD /* Products */,
			);
			sourceTree = "<group>";
		};
		022B0F9A1B2F2AE500DD4DCD /* Products */ = {
			isa = PBXGroup;
			children = (
				022B0F991B2F2AE500DD4DCD /* DataSource.framework */,
				022B0FA41B2F2AE500DD4DCD /* DataSourceTests.xctest */,
				FCBEE8DC1DA8F41C00F59863 /* DataSource.framework */,
				F40E107826717B5B008AC957 /* DataSource.framework */,
			);
			name = Products;
			sourceTree = "<group>";
		};
		022B0F9B1B2F2AE500DD4DCD /* DataSource */ = {
			isa = PBXGroup;
			children = (
				F4E343D925E6B4E600BA4013 /* Helpers */,
				022B0FB51B2F2D4B00DD4DCD /* CollectionView */,
				022B0FBA1B2F2D4C00DD4DCD /* DataChange.swift */,
				022B0FBB1B2F2D4C00DD4DCD /* DataChangeTarget.swift */,
				022B0FBC1B2F2D4C00DD4DCD /* DataChangeTypes */,
				022B0F9E1B2F2AE500DD4DCD /* DataSource.h */,
				022B0FC71B2F2D4C00DD4DCD /* DataSource.swift */,
				6BEC0E412201B9FC00AEDC7E /* DataSourceCellDescriptor.swift */,
				021FAD441BB2D77C001300A0 /* DataSourceItemReceiver.swift */,
				022B0FC81B2F2D4C00DD4DCD /* DataSourceTypes */,
				022B0FD41B2F2D4C00DD4DCD /* IndexPathExtensions.swift */,
				022B0F9C1B2F2AE500DD4DCD /* Supporting Files */,
				022B0FD51B2F2D4C00DD4DCD /* TableView */,
			);
			path = DataSource;
			sourceTree = "<group>";
		};
		022B0F9C1B2F2AE500DD4DCD /* Supporting Files */ = {
			isa = PBXGroup;
			children = (
				022B0F9D1B2F2AE500DD4DCD /* Info.plist */,
			);
			name = "Supporting Files";
			sourceTree = "<group>";
		};
		022B0FA81B2F2AE500DD4DCD /* DataSourceTests */ = {
			isa = PBXGroup;
			children = (
				6BE5AD692214481600066998 /* Helpers */,
				6BE5AD68221447FB00066998 /* Model */,
				6BF8F6DE220B28B2007F6209 /* CollectionView */,
				6B31D3FE2203372F001AFF01 /* TableView */,
				6BD3F08A22031871002EA2D0 /* DataSourceTypes */,
				022B0FA91B2F2AE500DD4DCD /* Supporting Files */,
			);
			path = DataSourceTests;
			sourceTree = "<group>";
		};
		022B0FA91B2F2AE500DD4DCD /* Supporting Files */ = {
			isa = PBXGroup;
			children = (
				022B0FAA1B2F2AE500DD4DCD /* Info.plist */,
			);
			name = "Supporting Files";
			sourceTree = "<group>";
		};
		022B0FB51B2F2D4B00DD4DCD /* CollectionView */ = {
			isa = PBXGroup;
			children = (
				022B0FB61B2F2D4B00DD4DCD /* CollectionViewCell.swift */,
				022B0FB71B2F2D4B00DD4DCD /* CollectionViewChangeTarget.swift */,
				022B0FB81B2F2D4B00DD4DCD /* CollectionViewDataSource.swift */,
				022B0FB91B2F2D4B00DD4DCD /* CollectionViewReusableView.swift */,
			);
			path = CollectionView;
			sourceTree = "<group>";
		};
		022B0FBC1B2F2D4C00DD4DCD /* DataChangeTypes */ = {
			isa = PBXGroup;
			children = (
				022B0FBD1B2F2D4C00DD4DCD /* DataChangeBatch.swift */,
				022B0FBE1B2F2D4C00DD4DCD /* DataChangeDeleteItems.swift */,
				022B0FBF1B2F2D4C00DD4DCD /* DataChangeDeleteSections.swift */,
				022B0FC01B2F2D4C00DD4DCD /* DataChangeInsertItems.swift */,
				022B0FC11B2F2D4C00DD4DCD /* DataChangeInsertSections.swift */,
				022B0FC21B2F2D4C00DD4DCD /* DataChangeMoveItem.swift */,
				022B0FC31B2F2D4C00DD4DCD /* DataChangeMoveSection.swift */,
				022B0FC41B2F2D4C00DD4DCD /* DataChangeReloadData.swift */,
				022B0FC51B2F2D4C00DD4DCD /* DataChangeReloadItems.swift */,
				022B0FC61B2F2D4C00DD4DCD /* DataChangeReloadSections.swift */,
			);
			path = DataChangeTypes;
			sourceTree = "<group>";
		};
		022B0FC81B2F2D4C00DD4DCD /* DataSourceTypes */ = {
			isa = PBXGroup;
			children = (
				028602EC1B7E076200474D04 /* AutoDiff.swift */,
				022B0FC91B2F2D4C00DD4DCD /* AutoDiffDataSource.swift */,
				028602F41B7E1D2B00474D04 /* AutoDiffSectionsDataSource.swift */,
				022B0FCA1B2F2D4C00DD4DCD /* CompositeDataSource.swift */,
				022B0FD31B2F2D4C00DD4DCD /* DataSourceSection.swift */,
				022B0FCB1B2F2D4C00DD4DCD /* EmptyDataSource.swift */,
				022B0FCC1B2F2D4C00DD4DCD /* FetchedResultsDataSource.swift */,
				022B0FCD1B2F2D4C00DD4DCD /* KVODataSource.swift */,
				022B0FCE1B2F2D4C00DD4DCD /* MappedDataSource.swift */,
				022B0FCF1B2F2D4C00DD4DCD /* MutableCompositeDataSource.swift */,
				022B0FD01B2F2D4C00DD4DCD /* MutableDataSource.swift */,
				022B0FD11B2F2D4C00DD4DCD /* ProxyDataSource.swift */,
				022B0FD21B2F2D4C00DD4DCD /* StaticDataSource.swift */,
			);
			path = DataSourceTypes;
			sourceTree = "<group>";
		};
		022B0FD51B2F2D4C00DD4DCD /* TableView */ = {
			isa = PBXGroup;
			children = (
				022B0FD61B2F2D4C00DD4DCD /* TableViewCell.swift */,
				022B0FD71B2F2D4C00DD4DCD /* TableViewChangeTarget.swift */,
				022B0FD81B2F2D4C00DD4DCD /* TableViewDataSource.swift */,
				022B0FD91B2F2D4C00DD4DCD /* TableViewDataSourceWithHeaderFooterTitles.swift */,
				022B0FDA1B2F2D4C00DD4DCD /* TableViewDataSourceWithHeaderFooterViews.swift */,
				022B0FDB1B2F2D4C00DD4DCD /* TableViewHeaderFooterView.swift */,
			);
			path = TableView;
			sourceTree = "<group>";
		};
		022B10351B2F341200DD4DCD /* Frameworks */ = {
			isa = PBXGroup;
			children = (
				6B76E6562202E36E00D2B33E /* Nimble.framework */,
				6B76E6582202E36E00D2B33E /* Quick.framework */,
				6B76E65A2202E36E00D2B33E /* ReactiveSwift.framework */,
				6B76E65C2202E36E00D2B33E /* Result.framework */,
				FC9E4A5D1DA83C7C00258CCF /* ReactiveSwift.framework */,
				FC9E4A5E1DA83C7C00258CCF /* Result.framework */,
				0286CFA01BE26FC000F76C86 /* Result.framework */,
				0286CF9E1BE26FB900F76C86 /* ReactiveSwift.framework */,
			);
			name = Frameworks;
			sourceTree = "<group>";
		};
		6B31D3FE2203372F001AFF01 /* TableView */ = {
			isa = PBXGroup;
			children = (
				6BCA28EF220979B600D99D97 /* TableViewDataSourceSharedConfiguration.swift */,
				6BCA28EB2209662C00D99D97 /* TableViewDataSourceTests.swift */,
				6BCA28ED2209793A00D99D97 /* TableViewDataSourceWithHeaderFooterTitlesTests.swift */,
				6BCA28F1220981B800D99D97 /* TableViewDataSourceWithHeaderFooterViewsTests.swift */,
			);
			name = TableView;
			sourceTree = "<group>";
		};
		6BD3F08A22031871002EA2D0 /* DataSourceTypes */ = {
			isa = PBXGroup;
			children = (
				6B020B0C2208609B00DBAE00 /* QuickSpecWithDataSets.swift */,
				6B020B062208382000DBAE00 /* DataSourceSharedConfiguration.swift */,
				6B020B0A2208479400DBAE00 /* EmptyDataSourceTests.swift */,
				6B020B08220842B500DBAE00 /* StaticDataSourceTests.swift */,
				6B020B10220864FC00DBAE00 /* ProxyDataSourceTests.swift */,
				6BCA28E92208798600D99D97 /* MutableDataSourceTests.swift */,
				6BCA28F32209CF4F00D99D97 /* MappedDataSourceTests.swift */,
				6BF8F6D4220A9024007F6209 /* MutableCompositeDataSourceTests.swift */,
				6BF8F6D8220B2633007F6209 /* CompositeDataSourceTests.swift */,
				6BF8F6DA220B2887007F6209 /* AutoDiffDataSourceTests.swift */,
				6BF8F6DC220B28A6007F6209 /* AutoDiffSectionsDataSourceTests.swift */,
				6B7E4ADF22115E3700EC9031 /* FetchedResultsDataSourceTests.swift */,
			);
			name = DataSourceTypes;
			sourceTree = "<group>";
		};
		6BE5AD68221447FB00066998 /* Model */ = {
			isa = PBXGroup;
			children = (
				6B020AFC22045C6000DBAE00 /* TestCells.swift */,
				6B4082C422147FDA00A4CA90 /* Items.xcdatamodeld */,
			);
			name = Model;
			sourceTree = "<group>";
		};
		6BE5AD692214481600066998 /* Helpers */ = {
			isa = PBXGroup;
			children = (
				6B8941972213205500294F7D /* CoreDataManager.swift */,
				6BE5AD6A22144B2400066998 /* ItemsExtensions.swift */,
			);
			name = Helpers;
			sourceTree = "<group>";
		};
		6BF8F6DE220B28B2007F6209 /* CollectionView */ = {
			isa = PBXGroup;
			children = (
				6BF8F6DF220B28F0007F6209 /* CollectionViewDataSourceSharedConfiguration.swift */,
				6BF8F6E1220B2904007F6209 /* CollectionViewDataSourceTests.swift */,
			);
			name = CollectionView;
			sourceTree = "<group>";
		};
		F4E343D925E6B4E600BA4013 /* Helpers */ = {
			isa = PBXGroup;
			children = (
				F4E343DA25E6B4F700BA4013 /* Publisher+Helpers.swift */,
				F4E343EF25E6BC0F00BA4013 /* MapHelpers.swift */,
				F4E343F525E6BE9F00BA4013 /* Sequence+DataSource.swift */,
			);
			path = Helpers;
			sourceTree = "<group>";
		};
/* End PBXGroup section */

/* Begin PBXHeadersBuildPhase section */
		022B0F961B2F2AE500DD4DCD /* Headers */ = {
			isa = PBXHeadersBuildPhase;
			buildActionMask = 2147483647;
			files = (
				022B0F9F1B2F2AE500DD4DCD /* DataSource.h in Headers */,
			);
			runOnlyForDeploymentPostprocessing = 0;
		};
		F40E107326717B5B008AC957 /* Headers */ = {
			isa = PBXHeadersBuildPhase;
			buildActionMask = 2147483647;
			files = (
				F40E109B26717BE9008AC957 /* DataSource.h in Headers */,
			);
			runOnlyForDeploymentPostprocessing = 0;
		};
		FCBEE8D91DA8F41C00F59863 /* Headers */ = {
			isa = PBXHeadersBuildPhase;
			buildActionMask = 2147483647;
			files = (
				FCBEE90A1DA8F4BB00F59863 /* DataSource.h in Headers */,
			);
			runOnlyForDeploymentPostprocessing = 0;
		};
/* End PBXHeadersBuildPhase section */

/* Begin PBXNativeTarget section */
		022B0F981B2F2AE500DD4DCD /* DataSource-iOS */ = {
			isa = PBXNativeTarget;
			buildConfigurationList = 022B0FAF1B2F2AE500DD4DCD /* Build configuration list for PBXNativeTarget "DataSource-iOS" */;
			buildPhases = (
				022B0F941B2F2AE500DD4DCD /* Sources */,
				022B0F951B2F2AE500DD4DCD /* Frameworks */,
				022B0F961B2F2AE500DD4DCD /* Headers */,
				022B0F971B2F2AE500DD4DCD /* Resources */,
			);
			buildRules = (
			);
			dependencies = (
			);
			name = "DataSource-iOS";
			productName = DataSource;
			productReference = 022B0F991B2F2AE500DD4DCD /* DataSource.framework */;
			productType = "com.apple.product-type.framework";
		};
		022B0FA31B2F2AE500DD4DCD /* DataSourceTests */ = {
			isa = PBXNativeTarget;
			buildConfigurationList = 022B0FB21B2F2AE500DD4DCD /* Build configuration list for PBXNativeTarget "DataSourceTests" */;
			buildPhases = (
				022B0FA01B2F2AE500DD4DCD /* Sources */,
				022B0FA21B2F2AE500DD4DCD /* Resources */,
				6B76E6552202E12D00D2B33E /* Frameworks */,
			);
			buildRules = (
			);
			dependencies = (
			);
			name = DataSourceTests;
			productName = DataSourceTests;
			productReference = 022B0FA41B2F2AE500DD4DCD /* DataSourceTests.xctest */;
			productType = "com.apple.product-type.bundle.unit-test";
		};
		F40E107726717B5B008AC957 /* DataSource-macOS */ = {
			isa = PBXNativeTarget;
			buildConfigurationList = F40E107F26717B5C008AC957 /* Build configuration list for PBXNativeTarget "DataSource-macOS" */;
			buildPhases = (
				F40E107326717B5B008AC957 /* Headers */,
				F40E107426717B5B008AC957 /* Sources */,
				F40E107526717B5B008AC957 /* Frameworks */,
				F40E107626717B5B008AC957 /* Resources */,
			);
			buildRules = (
			);
			dependencies = (
			);
			name = "DataSource-macOS";
			productName = "DataSource-macOS";
			productReference = F40E107826717B5B008AC957 /* DataSource.framework */;
			productType = "com.apple.product-type.framework";
		};
		FCBEE8DB1DA8F41C00F59863 /* DataSource-tvOS */ = {
			isa = PBXNativeTarget;
			buildConfigurationList = FCBEE8E11DA8F41D00F59863 /* Build configuration list for PBXNativeTarget "DataSource-tvOS" */;
			buildPhases = (
				FCBEE8D71DA8F41C00F59863 /* Sources */,
				FCBEE8D81DA8F41C00F59863 /* Frameworks */,
				FCBEE8D91DA8F41C00F59863 /* Headers */,
				FCBEE8DA1DA8F41C00F59863 /* Resources */,
			);
			buildRules = (
			);
			dependencies = (
			);
			name = "DataSource-tvOS";
			productName = "DataSource-tvOS";
			productReference = FCBEE8DC1DA8F41C00F59863 /* DataSource.framework */;
			productType = "com.apple.product-type.framework";
		};
/* End PBXNativeTarget section */

/* Begin PBXProject section */
		022B0F901B2F2AE500DD4DCD /* Project object */ = {
			isa = PBXProject;
			attributes = {
				LastSwiftMigration = 0700;
				LastSwiftUpdateCheck = 0700;
				LastUpgradeCheck = 1100;
				ORGANIZATIONNAME = Fueled;
				TargetAttributes = {
					022B0F981B2F2AE500DD4DCD = {
						CreatedOnToolsVersion = 6.3.2;
						LastSwiftMigration = 1020;
					};
					022B0FA31B2F2AE500DD4DCD = {
						CreatedOnToolsVersion = 6.3.2;
						LastSwiftMigration = 1020;
					};
					F40E107726717B5B008AC957 = {
						CreatedOnToolsVersion = 12.5;
						ProvisioningStyle = Automatic;
					};
					FCBEE8DB1DA8F41C00F59863 = {
						CreatedOnToolsVersion = 8.0;
						ProvisioningStyle = Manual;
					};
				};
			};
			buildConfigurationList = 022B0F931B2F2AE500DD4DCD /* Build configuration list for PBXProject "DataSource" */;
			compatibilityVersion = "Xcode 3.2";
			developmentRegion = en;
			hasScannedForEncodings = 0;
			knownRegions = (
				en,
				Base,
			);
			mainGroup = 022B0F8F1B2F2AE500DD4DCD;
			productRefGroup = 022B0F9A1B2F2AE500DD4DCD /* Products */;
			projectDirPath = "";
			projectRoot = "";
			targets = (
				022B0F981B2F2AE500DD4DCD /* DataSource-iOS */,
				FCBEE8DB1DA8F41C00F59863 /* DataSource-tvOS */,
				F40E107726717B5B008AC957 /* DataSource-macOS */,
				022B0FA31B2F2AE500DD4DCD /* DataSourceTests */,
			);
		};
/* End PBXProject section */

/* Begin PBXResourcesBuildPhase section */
		022B0F971B2F2AE500DD4DCD /* Resources */ = {
			isa = PBXResourcesBuildPhase;
			buildActionMask = 2147483647;
			files = (
			);
			runOnlyForDeploymentPostprocessing = 0;
		};
		022B0FA21B2F2AE500DD4DCD /* Resources */ = {
			isa = PBXResourcesBuildPhase;
			buildActionMask = 2147483647;
			files = (
			);
			runOnlyForDeploymentPostprocessing = 0;
		};
		F40E107626717B5B008AC957 /* Resources */ = {
			isa = PBXResourcesBuildPhase;
			buildActionMask = 2147483647;
			files = (
			);
			runOnlyForDeploymentPostprocessing = 0;
		};
		FCBEE8DA1DA8F41C00F59863 /* Resources */ = {
			isa = PBXResourcesBuildPhase;
			buildActionMask = 2147483647;
			files = (
			);
			runOnlyForDeploymentPostprocessing = 0;
		};
/* End PBXResourcesBuildPhase section */

/* Begin PBXSourcesBuildPhase section */
		022B0F941B2F2AE500DD4DCD /* Sources */ = {
			isa = PBXSourcesBuildPhase;
			buildActionMask = 2147483647;
			files = (
				028602F51B7E1D2B00474D04 /* AutoDiffSectionsDataSource.swift in Sources */,
				022B0FDF1B2F2D4C00DD4DCD /* CollectionViewReusableView.swift in Sources */,
				022B0FF61B2F2D4C00DD4DCD /* StaticDataSource.swift in Sources */,
				022B0FFB1B2F2D4C00DD4DCD /* TableViewDataSource.swift in Sources */,
				022B0FEC1B2F2D4C00DD4DCD /* DataSource.swift in Sources */,
				022B0FFE1B2F2D4C00DD4DCD /* TableViewHeaderFooterView.swift in Sources */,
				022B0FE51B2F2D4C00DD4DCD /* DataChangeInsertItems.swift in Sources */,
				022B0FF51B2F2D4C00DD4DCD /* ProxyDataSource.swift in Sources */,
				022B0FFA1B2F2D4C00DD4DCD /* TableViewChangeTarget.swift in Sources */,
				022B0FEE1B2F2D4C00DD4DCD /* CompositeDataSource.swift in Sources */,
				022B0FDD1B2F2D4C00DD4DCD /* CollectionViewChangeTarget.swift in Sources */,
				022B0FED1B2F2D4C00DD4DCD /* AutoDiffDataSource.swift in Sources */,
				022B0FE11B2F2D4C00DD4DCD /* DataChangeTarget.swift in Sources */,
				022B0FF41B2F2D4C00DD4DCD /* MutableDataSource.swift in Sources */,
				022B0FE31B2F2D4C00DD4DCD /* DataChangeDeleteItems.swift in Sources */,
				022B0FE71B2F2D4C00DD4DCD /* DataChangeMoveItem.swift in Sources */,
				022B0FE91B2F2D4C00DD4DCD /* DataChangeReloadData.swift in Sources */,
				022B0FEF1B2F2D4C00DD4DCD /* EmptyDataSource.swift in Sources */,
				022B0FDE1B2F2D4C00DD4DCD /* CollectionViewDataSource.swift in Sources */,
				022B0FF91B2F2D4C00DD4DCD /* TableViewCell.swift in Sources */,
				022B0FEB1B2F2D4C00DD4DCD /* DataChangeReloadSections.swift in Sources */,
				022B0FE41B2F2D4C00DD4DCD /* DataChangeDeleteSections.swift in Sources */,
				022B0FF01B2F2D4C00DD4DCD /* FetchedResultsDataSource.swift in Sources */,
				022B0FE81B2F2D4C00DD4DCD /* DataChangeMoveSection.swift in Sources */,
				F4E343F025E6BC0F00BA4013 /* MapHelpers.swift in Sources */,
				021FAD451BB2D77C001300A0 /* DataSourceItemReceiver.swift in Sources */,
				022B0FF21B2F2D4C00DD4DCD /* MappedDataSource.swift in Sources */,
				022B0FF71B2F2D4C00DD4DCD /* DataSourceSection.swift in Sources */,
				022B0FDC1B2F2D4C00DD4DCD /* CollectionViewCell.swift in Sources */,
				022B0FE61B2F2D4C00DD4DCD /* DataChangeInsertSections.swift in Sources */,
				028602ED1B7E076300474D04 /* AutoDiff.swift in Sources */,
				F4E343F625E6BE9F00BA4013 /* Sequence+DataSource.swift in Sources */,
				F4E343DB25E6B4F700BA4013 /* Publisher+Helpers.swift in Sources */,
				022B0FE01B2F2D4C00DD4DCD /* DataChange.swift in Sources */,
				022B0FE21B2F2D4C00DD4DCD /* DataChangeBatch.swift in Sources */,
				6BEC0E422201B9FC00AEDC7E /* DataSourceCellDescriptor.swift in Sources */,
				022B0FF81B2F2D4C00DD4DCD /* IndexPathExtensions.swift in Sources */,
				022B0FEA1B2F2D4C00DD4DCD /* DataChangeReloadItems.swift in Sources */,
				022B0FF31B2F2D4C00DD4DCD /* MutableCompositeDataSource.swift in Sources */,
				022B0FF11B2F2D4C00DD4DCD /* KVODataSource.swift in Sources */,
				022B0FFC1B2F2D4C00DD4DCD /* TableViewDataSourceWithHeaderFooterTitles.swift in Sources */,
				022B0FFD1B2F2D4C00DD4DCD /* TableViewDataSourceWithHeaderFooterViews.swift in Sources */,
			);
			runOnlyForDeploymentPostprocessing = 0;
		};
		022B0FA01B2F2AE500DD4DCD /* Sources */ = {
			isa = PBXSourcesBuildPhase;
			buildActionMask = 2147483647;
			files = (
				6B4082C622147FDA00A4CA90 /* Items.xcdatamodeld in Sources */,
				6B020B09220842B500DBAE00 /* StaticDataSourceTests.swift in Sources */,
				6BCA28EE2209793A00D99D97 /* TableViewDataSourceWithHeaderFooterTitlesTests.swift in Sources */,
				6BF8F6E2220B2904007F6209 /* CollectionViewDataSourceTests.swift in Sources */,
				6BCA28F42209CF4F00D99D97 /* MappedDataSourceTests.swift in Sources */,
				6B020AFD22045C6000DBAE00 /* TestCells.swift in Sources */,
				6BCA28EC2209662C00D99D97 /* TableViewDataSourceTests.swift in Sources */,
				6BF8F6D5220A9024007F6209 /* MutableCompositeDataSourceTests.swift in Sources */,
				6BCA28F0220979B600D99D97 /* TableViewDataSourceSharedConfiguration.swift in Sources */,
				6BCA28EA2208798600D99D97 /* MutableDataSourceTests.swift in Sources */,
				6B7E4AE022115E3700EC9031 /* FetchedResultsDataSourceTests.swift in Sources */,
				6BE5AD6B22144B2400066998 /* ItemsExtensions.swift in Sources */,
				6B8941982213205500294F7D /* CoreDataManager.swift in Sources */,
				6BF8F6DB220B2887007F6209 /* AutoDiffDataSourceTests.swift in Sources */,
				6BF8F6DD220B28A6007F6209 /* AutoDiffSectionsDataSourceTests.swift in Sources */,
				6B020B0D2208609B00DBAE00 /* QuickSpecWithDataSets.swift in Sources */,
				6BF8F6D9220B2633007F6209 /* CompositeDataSourceTests.swift in Sources */,
				6B020B0B2208479400DBAE00 /* EmptyDataSourceTests.swift in Sources */,
				6BF8F6E0220B28F0007F6209 /* CollectionViewDataSourceSharedConfiguration.swift in Sources */,
				6BCA28F2220981B800D99D97 /* TableViewDataSourceWithHeaderFooterViewsTests.swift in Sources */,
				6B020B072208382000DBAE00 /* DataSourceSharedConfiguration.swift in Sources */,
				6B020B11220864FC00DBAE00 /* ProxyDataSourceTests.swift in Sources */,
			);
			runOnlyForDeploymentPostprocessing = 0;
		};
		F40E107426717B5B008AC957 /* Sources */ = {
			isa = PBXSourcesBuildPhase;
			buildActionMask = 2147483647;
			files = (
				F40E109826717BE9008AC957 /* KVODataSource.swift in Sources */,
				F40E108026717BE9008AC957 /* DataChangeDeleteItems.swift in Sources */,
				F40E108626717BE9008AC957 /* DataChangeMoveSection.swift in Sources */,
				F40E108126717BE9008AC957 /* DataChangeInsertItems.swift in Sources */,
				F40E108D26717BE9008AC957 /* Sequence+DataSource.swift in Sources */,
				F40E109A26717BE9008AC957 /* MapHelpers.swift in Sources */,
				F40E109526717BE9008AC957 /* AutoDiffDataSource.swift in Sources */,
				F40E10A026717BE9008AC957 /* MutableDataSource.swift in Sources */,
				F40E108B26717BE9008AC957 /* AutoDiff.swift in Sources */,
				F40E108526717BE9008AC957 /* DataChangeTarget.swift in Sources */,
				F40E108A26717BE9008AC957 /* MappedDataSource.swift in Sources */,
				F40E109F26717BE9008AC957 /* MutableCompositeDataSource.swift in Sources */,
				F40E109E26717BE9008AC957 /* EmptyDataSource.swift in Sources */,
				F40E108826717BE9008AC957 /* CompositeDataSource.swift in Sources */,
				F40E108E26717BE9008AC957 /* DataChangeBatch.swift in Sources */,
				F40E109426717BE9008AC957 /* DataSourceSection.swift in Sources */,
				F40E108326717BE9008AC957 /* DataSource.swift in Sources */,
				F40E108C26717BE9008AC957 /* AutoDiffSectionsDataSource.swift in Sources */,
				F40E108226717BE9008AC957 /* DataChangeMoveItem.swift in Sources */,
				F40E109226717BE9008AC957 /* DataChangeInsertSections.swift in Sources */,
				F40E109D26717BE9008AC957 /* DataChangeReloadSections.swift in Sources */,
				F40E108726717BE9008AC957 /* DataChangeReloadData.swift in Sources */,
				F40E109026717BE9008AC957 /* Publisher+Helpers.swift in Sources */,
				F40E109126717BE9008AC957 /* DataSourceItemReceiver.swift in Sources */,
				F40E109926717BE9008AC957 /* IndexPathExtensions.swift in Sources */,
				F40E109326717BE9008AC957 /* DataChangeDeleteSections.swift in Sources */,
				F40E108F26717BE9008AC957 /* ProxyDataSource.swift in Sources */,
				F40E108426717BE9008AC957 /* StaticDataSource.swift in Sources */,
				F40E109626717BE9008AC957 /* FetchedResultsDataSource.swift in Sources */,
				F40E108926717BE9008AC957 /* DataChange.swift in Sources */,
				F40E109726717BE9008AC957 /* DataChangeReloadItems.swift in Sources */,
			);
			runOnlyForDeploymentPostprocessing = 0;
		};
		FCBEE8D71DA8F41C00F59863 /* Sources */ = {
			isa = PBXSourcesBuildPhase;
			buildActionMask = 2147483647;
			files = (
				FCBEE8E41DA8F4AF00F59863 /* CollectionViewCell.swift in Sources */,
				F4E343F725E6BE9F00BA4013 /* Sequence+DataSource.swift in Sources */,
				FCBEE8E51DA8F4AF00F59863 /* CollectionViewChangeTarget.swift in Sources */,
				FCBEE8E61DA8F4AF00F59863 /* CollectionViewDataSource.swift in Sources */,
				FCBEE8E71DA8F4AF00F59863 /* CollectionViewReusableView.swift in Sources */,
				F4E343F125E6BC0F00BA4013 /* MapHelpers.swift in Sources */,
				FCBEE8E81DA8F4AF00F59863 /* DataChange.swift in Sources */,
				FCBEE8E91DA8F4AF00F59863 /* DataChangeTarget.swift in Sources */,
				FCBEE8EA1DA8F4AF00F59863 /* DataChangeBatch.swift in Sources */,
				FCBEE8EB1DA8F4AF00F59863 /* DataChangeDeleteItems.swift in Sources */,
				FCBEE8EC1DA8F4AF00F59863 /* DataChangeDeleteSections.swift in Sources */,
				FCBEE8ED1DA8F4AF00F59863 /* DataChangeInsertItems.swift in Sources */,
				FCBEE8EE1DA8F4AF00F59863 /* DataChangeInsertSections.swift in Sources */,
				FCBEE8EF1DA8F4AF00F59863 /* DataChangeMoveItem.swift in Sources */,
				FCBEE8F01DA8F4AF00F59863 /* DataChangeMoveSection.swift in Sources */,
				FCBEE8F11DA8F4AF00F59863 /* DataChangeReloadData.swift in Sources */,
				FCBEE8F21DA8F4AF00F59863 /* DataChangeReloadItems.swift in Sources */,
				FCBEE8F31DA8F4AF00F59863 /* DataChangeReloadSections.swift in Sources */,
				FCBEE8F41DA8F4AF00F59863 /* DataSource.swift in Sources */,
				FCBEE8F51DA8F4AF00F59863 /* DataSourceItemReceiver.swift in Sources */,
				FCBEE8F61DA8F4AF00F59863 /* AutoDiff.swift in Sources */,
				FCBEE8F71DA8F4AF00F59863 /* AutoDiffDataSource.swift in Sources */,
				FCBEE8F81DA8F4AF00F59863 /* AutoDiffSectionsDataSource.swift in Sources */,
				FCBEE8F91DA8F4AF00F59863 /* CompositeDataSource.swift in Sources */,
				FCBEE8FA1DA8F4AF00F59863 /* DataSourceSection.swift in Sources */,
				FCBEE8FB1DA8F4AF00F59863 /* EmptyDataSource.swift in Sources */,
				FCBEE8FC1DA8F4AF00F59863 /* FetchedResultsDataSource.swift in Sources */,
				FCBEE8FD1DA8F4AF00F59863 /* KVODataSource.swift in Sources */,
				FCBEE8FE1DA8F4AF00F59863 /* MappedDataSource.swift in Sources */,
				FCBEE8FF1DA8F4AF00F59863 /* MutableCompositeDataSource.swift in Sources */,
				FCBEE9001DA8F4AF00F59863 /* MutableDataSource.swift in Sources */,
				FCBEE9011DA8F4AF00F59863 /* ProxyDataSource.swift in Sources */,
				FCBEE9021DA8F4AF00F59863 /* StaticDataSource.swift in Sources */,
				FCBEE9031DA8F4AF00F59863 /* IndexPathExtensions.swift in Sources */,
				FCBEE9041DA8F4AF00F59863 /* TableViewCell.swift in Sources */,
				F4E343DC25E6B4F700BA4013 /* Publisher+Helpers.swift in Sources */,
				FCBEE9051DA8F4AF00F59863 /* TableViewChangeTarget.swift in Sources */,
				FCBEE9061DA8F4AF00F59863 /* TableViewDataSource.swift in Sources */,
				FCBEE9071DA8F4AF00F59863 /* TableViewDataSourceWithHeaderFooterTitles.swift in Sources */,
				FCBEE9081DA8F4AF00F59863 /* TableViewDataSourceWithHeaderFooterViews.swift in Sources */,
				FCBEE9091DA8F4AF00F59863 /* TableViewHeaderFooterView.swift in Sources */,
				F40E10A126717C81008AC957 /* DataSourceCellDescriptor.swift in Sources */,
			);
			runOnlyForDeploymentPostprocessing = 0;
		};
/* End PBXSourcesBuildPhase section */

/* Begin XCBuildConfiguration section */
		022B0FAD1B2F2AE500DD4DCD /* Debug */ = {
			isa = XCBuildConfiguration;
			buildSettings = {
				ALWAYS_SEARCH_USER_PATHS = NO;
				CLANG_ANALYZER_LOCALIZABILITY_NONLOCALIZED = YES;
				CLANG_CXX_LANGUAGE_STANDARD = "gnu++0x";
				CLANG_CXX_LIBRARY = "libc++";
				CLANG_ENABLE_MODULES = YES;
				CLANG_ENABLE_OBJC_ARC = YES;
				CLANG_WARN_BLOCK_CAPTURE_AUTORELEASING = YES;
				CLANG_WARN_BOOL_CONVERSION = YES;
				CLANG_WARN_COMMA = YES;
				CLANG_WARN_CONSTANT_CONVERSION = YES;
				CLANG_WARN_DEPRECATED_OBJC_IMPLEMENTATIONS = YES;
				CLANG_WARN_DIRECT_OBJC_ISA_USAGE = YES_ERROR;
				CLANG_WARN_EMPTY_BODY = YES;
				CLANG_WARN_ENUM_CONVERSION = YES;
				CLANG_WARN_INFINITE_RECURSION = YES;
				CLANG_WARN_INT_CONVERSION = YES;
				CLANG_WARN_NON_LITERAL_NULL_CONVERSION = YES;
				CLANG_WARN_OBJC_IMPLICIT_RETAIN_SELF = YES;
				CLANG_WARN_OBJC_LITERAL_CONVERSION = YES;
				CLANG_WARN_OBJC_ROOT_CLASS = YES_ERROR;
				CLANG_WARN_RANGE_LOOP_ANALYSIS = YES;
				CLANG_WARN_STRICT_PROTOTYPES = YES;
				CLANG_WARN_SUSPICIOUS_MOVE = YES;
				CLANG_WARN_UNREACHABLE_CODE = YES;
				CLANG_WARN__DUPLICATE_METHOD_MATCH = YES;
				COPY_PHASE_STRIP = NO;
				CURRENT_PROJECT_VERSION = 1;
				DEBUG_INFORMATION_FORMAT = "dwarf-with-dsym";
				ENABLE_STRICT_OBJC_MSGSEND = YES;
				ENABLE_TESTABILITY = YES;
				GCC_C_LANGUAGE_STANDARD = gnu99;
				GCC_DYNAMIC_NO_PIC = NO;
				GCC_NO_COMMON_BLOCKS = YES;
				GCC_OPTIMIZATION_LEVEL = 0;
				GCC_PREPROCESSOR_DEFINITIONS = (
					"DEBUG=1",
					"$(inherited)",
				);
				GCC_SYMBOLS_PRIVATE_EXTERN = NO;
				GCC_WARN_64_TO_32_BIT_CONVERSION = YES;
				GCC_WARN_ABOUT_RETURN_TYPE = YES_ERROR;
				GCC_WARN_UNDECLARED_SELECTOR = YES;
				GCC_WARN_UNINITIALIZED_AUTOS = YES_AGGRESSIVE;
				GCC_WARN_UNUSED_FUNCTION = YES;
				GCC_WARN_UNUSED_VARIABLE = YES;
				IPHONEOS_DEPLOYMENT_TARGET = 13.0;
				MTL_ENABLE_DEBUG_INFO = YES;
				ONLY_ACTIVE_ARCH = YES;
				PRODUCT_NAME = "$(PROJECT_NAME)";
				SDKROOT = iphoneos;
				SWIFT_OPTIMIZATION_LEVEL = "-Onone";
				SWIFT_VERSION = 5.0;
				TARGETED_DEVICE_FAMILY = "1,2";
				TVOS_DEPLOYMENT_TARGET = 13.0;
				VERSIONING_SYSTEM = "apple-generic";
				VERSION_INFO_PREFIX = "";
			};
			name = Debug;
		};
		022B0FAE1B2F2AE500DD4DCD /* Release */ = {
			isa = XCBuildConfiguration;
			buildSettings = {
				ALWAYS_SEARCH_USER_PATHS = NO;
				CLANG_ANALYZER_LOCALIZABILITY_NONLOCALIZED = YES;
				CLANG_CXX_LANGUAGE_STANDARD = "gnu++0x";
				CLANG_CXX_LIBRARY = "libc++";
				CLANG_ENABLE_MODULES = YES;
				CLANG_ENABLE_OBJC_ARC = YES;
				CLANG_WARN_BLOCK_CAPTURE_AUTORELEASING = YES;
				CLANG_WARN_BOOL_CONVERSION = YES;
				CLANG_WARN_COMMA = YES;
				CLANG_WARN_CONSTANT_CONVERSION = YES;
				CLANG_WARN_DEPRECATED_OBJC_IMPLEMENTATIONS = YES;
				CLANG_WARN_DIRECT_OBJC_ISA_USAGE = YES_ERROR;
				CLANG_WARN_EMPTY_BODY = YES;
				CLANG_WARN_ENUM_CONVERSION = YES;
				CLANG_WARN_INFINITE_RECURSION = YES;
				CLANG_WARN_INT_CONVERSION = YES;
				CLANG_WARN_NON_LITERAL_NULL_CONVERSION = YES;
				CLANG_WARN_OBJC_IMPLICIT_RETAIN_SELF = YES;
				CLANG_WARN_OBJC_LITERAL_CONVERSION = YES;
				CLANG_WARN_OBJC_ROOT_CLASS = YES_ERROR;
				CLANG_WARN_RANGE_LOOP_ANALYSIS = YES;
				CLANG_WARN_STRICT_PROTOTYPES = YES;
				CLANG_WARN_SUSPICIOUS_MOVE = YES;
				CLANG_WARN_UNREACHABLE_CODE = YES;
				CLANG_WARN__DUPLICATE_METHOD_MATCH = YES;
				COPY_PHASE_STRIP = NO;
				CURRENT_PROJECT_VERSION = 1;
				DEBUG_INFORMATION_FORMAT = "dwarf-with-dsym";
				ENABLE_NS_ASSERTIONS = NO;
				ENABLE_STRICT_OBJC_MSGSEND = YES;
				GCC_C_LANGUAGE_STANDARD = gnu99;
				GCC_NO_COMMON_BLOCKS = YES;
				GCC_WARN_64_TO_32_BIT_CONVERSION = YES;
				GCC_WARN_ABOUT_RETURN_TYPE = YES_ERROR;
				GCC_WARN_UNDECLARED_SELECTOR = YES;
				GCC_WARN_UNINITIALIZED_AUTOS = YES_AGGRESSIVE;
				GCC_WARN_UNUSED_FUNCTION = YES;
				GCC_WARN_UNUSED_VARIABLE = YES;
				IPHONEOS_DEPLOYMENT_TARGET = 13.0;
				MTL_ENABLE_DEBUG_INFO = NO;
				PRODUCT_NAME = "$(PROJECT_NAME)";
				SDKROOT = iphoneos;
				SWIFT_OPTIMIZATION_LEVEL = "-Owholemodule";
				SWIFT_VERSION = 5.0;
				TARGETED_DEVICE_FAMILY = "1,2";
				TVOS_DEPLOYMENT_TARGET = 13.0;
				VALIDATE_PRODUCT = YES;
				VERSIONING_SYSTEM = "apple-generic";
				VERSION_INFO_PREFIX = "";
			};
			name = Release;
		};
		022B0FB01B2F2AE500DD4DCD /* Debug */ = {
			isa = XCBuildConfiguration;
			buildSettings = {
				APPLICATION_EXTENSION_API_ONLY = YES;
				CODE_SIGN_IDENTITY = "";
				"CODE_SIGN_IDENTITY[sdk=iphoneos*]" = "";
				DEFINES_MODULE = YES;
				DYLIB_COMPATIBILITY_VERSION = 1;
				DYLIB_CURRENT_VERSION = 1;
				DYLIB_INSTALL_NAME_BASE = "@rpath";
				FRAMEWORK_SEARCH_PATHS = (
					"$(DEVELOPER_FRAMEWORKS_DIR)",
					"$(inherited)",
				);
				INFOPLIST_FILE = DataSource/Info.plist;
				INSTALL_PATH = "$(LOCAL_LIBRARY_DIR)/Frameworks";
				LD_RUNPATH_SEARCH_PATHS = "$(inherited) @executable_path/Frameworks @loader_path/Frameworks";
				PRODUCT_BUNDLE_IDENTIFIER = "com.fueled.$(PRODUCT_NAME:rfc1034identifier)";
				SKIP_INSTALL = YES;
				SWIFT_VERSION = 5.0;
			};
			name = Debug;
		};
		022B0FB11B2F2AE500DD4DCD /* Release */ = {
			isa = XCBuildConfiguration;
			buildSettings = {
				APPLICATION_EXTENSION_API_ONLY = YES;
				CODE_SIGN_IDENTITY = "";
				"CODE_SIGN_IDENTITY[sdk=iphoneos*]" = "";
				DEFINES_MODULE = YES;
				DYLIB_COMPATIBILITY_VERSION = 1;
				DYLIB_CURRENT_VERSION = 1;
				DYLIB_INSTALL_NAME_BASE = "@rpath";
				FRAMEWORK_SEARCH_PATHS = (
					"$(DEVELOPER_FRAMEWORKS_DIR)",
					"$(inherited)",
				);
				INFOPLIST_FILE = DataSource/Info.plist;
				INSTALL_PATH = "$(LOCAL_LIBRARY_DIR)/Frameworks";
				LD_RUNPATH_SEARCH_PATHS = "$(inherited) @executable_path/Frameworks @loader_path/Frameworks";
				PRODUCT_BUNDLE_IDENTIFIER = "com.fueled.$(PRODUCT_NAME:rfc1034identifier)";
				SKIP_INSTALL = YES;
				SWIFT_VERSION = 5.0;
			};
			name = Release;
		};
		022B0FB31B2F2AE500DD4DCD /* Debug */ = {
			isa = XCBuildConfiguration;
			buildSettings = {
				CODE_SIGN_IDENTITY = "iPhone Developer";
				DEVELOPMENT_TEAM = "";
				FRAMEWORK_SEARCH_PATHS = (
					"$(DEVELOPER_FRAMEWORKS_DIR)",
					"$(inherited)",
				);
				GCC_PREPROCESSOR_DEFINITIONS = (
					"DEBUG=1",
					"$(inherited)",
				);
				INFOPLIST_FILE = DataSourceTests/Info.plist;
				LD_RUNPATH_SEARCH_PATHS = "$(inherited) @executable_path/Frameworks @loader_path/Frameworks";
				PRODUCT_BUNDLE_IDENTIFIER = "com.fueled.$(PRODUCT_NAME:rfc1034identifier)";
				PRODUCT_NAME = "$(TARGET_NAME)";
				SWIFT_VERSION = 5.0;
			};
			name = Debug;
		};
		022B0FB41B2F2AE500DD4DCD /* Release */ = {
			isa = XCBuildConfiguration;
			buildSettings = {
				CODE_SIGN_IDENTITY = "iPhone Developer";
				DEVELOPMENT_TEAM = "";
				FRAMEWORK_SEARCH_PATHS = (
					"$(DEVELOPER_FRAMEWORKS_DIR)",
					"$(inherited)",
				);
				INFOPLIST_FILE = DataSourceTests/Info.plist;
				LD_RUNPATH_SEARCH_PATHS = "$(inherited) @executable_path/Frameworks @loader_path/Frameworks";
				PRODUCT_BUNDLE_IDENTIFIER = "com.fueled.$(PRODUCT_NAME:rfc1034identifier)";
				PRODUCT_NAME = "$(TARGET_NAME)";
				SWIFT_VERSION = 5.0;
			};
			name = Release;
		};
		F40E107D26717B5C008AC957 /* Debug */ = {
			isa = XCBuildConfiguration;
			buildSettings = {
				CLANG_ANALYZER_NONNULL = YES;
				CLANG_ANALYZER_NUMBER_OBJECT_CONVERSION = YES_AGGRESSIVE;
				CLANG_CXX_LANGUAGE_STANDARD = "gnu++14";
				CLANG_ENABLE_OBJC_WEAK = YES;
				CLANG_WARN_DOCUMENTATION_COMMENTS = YES;
				CLANG_WARN_QUOTED_INCLUDE_IN_FRAMEWORK_HEADER = YES;
				CLANG_WARN_UNGUARDED_AVAILABILITY = YES_AGGRESSIVE;
				CODE_SIGN_STYLE = Automatic;
				COMBINE_HIDPI_IMAGES = YES;
				DEBUG_INFORMATION_FORMAT = dwarf;
				DEFINES_MODULE = YES;
				DYLIB_COMPATIBILITY_VERSION = 1;
				DYLIB_CURRENT_VERSION = 1;
				DYLIB_INSTALL_NAME_BASE = "@rpath";
				GCC_C_LANGUAGE_STANDARD = gnu11;
				INFOPLIST_FILE = DataSource/Info.plist;
				INSTALL_PATH = "$(LOCAL_LIBRARY_DIR)/Frameworks";
				LD_RUNPATH_SEARCH_PATHS = "$(inherited) @executable_path/../Frameworks @loader_path/Frameworks";
				MACOSX_DEPLOYMENT_TARGET = 10.15;
				MTL_ENABLE_DEBUG_INFO = INCLUDE_SOURCE;
				MTL_FAST_MATH = YES;
				PRODUCT_BUNDLE_IDENTIFIER = "com.fueled.$(PRODUCT_NAME:rfc1034identifier)";
				SDKROOT = macosx;
				SKIP_INSTALL = YES;
				SWIFT_ACTIVE_COMPILATION_CONDITIONS = DEBUG;
				SWIFT_VERSION = 5.0;
			};
			name = Debug;
		};
		F40E107E26717B5C008AC957 /* Release */ = {
			isa = XCBuildConfiguration;
			buildSettings = {
				CLANG_ANALYZER_NONNULL = YES;
				CLANG_ANALYZER_NUMBER_OBJECT_CONVERSION = YES_AGGRESSIVE;
				CLANG_CXX_LANGUAGE_STANDARD = "gnu++14";
				CLANG_ENABLE_OBJC_WEAK = YES;
				CLANG_WARN_DOCUMENTATION_COMMENTS = YES;
				CLANG_WARN_QUOTED_INCLUDE_IN_FRAMEWORK_HEADER = YES;
				CLANG_WARN_UNGUARDED_AVAILABILITY = YES_AGGRESSIVE;
				CODE_SIGN_STYLE = Automatic;
				COMBINE_HIDPI_IMAGES = YES;
				DEFINES_MODULE = YES;
				DYLIB_COMPATIBILITY_VERSION = 1;
				DYLIB_CURRENT_VERSION = 1;
				DYLIB_INSTALL_NAME_BASE = "@rpath";
				GCC_C_LANGUAGE_STANDARD = gnu11;
				INFOPLIST_FILE = DataSource/Info.plist;
				INSTALL_PATH = "$(LOCAL_LIBRARY_DIR)/Frameworks";
				LD_RUNPATH_SEARCH_PATHS = "$(inherited) @executable_path/../Frameworks @loader_path/Frameworks";
				MACOSX_DEPLOYMENT_TARGET = 10.15;
				MTL_FAST_MATH = YES;
				PRODUCT_BUNDLE_IDENTIFIER = "com.fueled.$(PRODUCT_NAME:rfc1034identifier)";
				SDKROOT = macosx;
				SKIP_INSTALL = YES;
				SWIFT_VERSION = 5.0;
			};
			name = Release;
		};
		FCBEE8E21DA8F41D00F59863 /* Debug */ = {
			isa = XCBuildConfiguration;
			buildSettings = {
				APPLICATION_EXTENSION_API_ONLY = YES;
				CLANG_ANALYZER_NONNULL = YES;
				CLANG_WARN_DOCUMENTATION_COMMENTS = YES;
				CLANG_WARN_SUSPICIOUS_MOVES = YES;
				CODE_SIGN_IDENTITY = "";
				DEBUG_INFORMATION_FORMAT = dwarf;
				DEFINES_MODULE = YES;
				DEVELOPMENT_TEAM = "";
				DYLIB_COMPATIBILITY_VERSION = 1;
				DYLIB_CURRENT_VERSION = 1;
				DYLIB_INSTALL_NAME_BASE = "@rpath";
				INFOPLIST_FILE = DataSource/Info.plist;
				INSTALL_PATH = "$(LOCAL_LIBRARY_DIR)/Frameworks";
				LD_RUNPATH_SEARCH_PATHS = "$(inherited) @executable_path/Frameworks @loader_path/Frameworks";
				PRODUCT_BUNDLE_IDENTIFIER = "com.fueled.$(PRODUCT_NAME:rfc1034identifier)";
				SDKROOT = appletvos;
				SKIP_INSTALL = YES;
				SWIFT_ACTIVE_COMPILATION_CONDITIONS = DEBUG;
				TARGETED_DEVICE_FAMILY = 3;
			};
			name = Debug;
		};
		FCBEE8E31DA8F41D00F59863 /* Release */ = {
			isa = XCBuildConfiguration;
			buildSettings = {
				APPLICATION_EXTENSION_API_ONLY = YES;
				CLANG_ANALYZER_NONNULL = YES;
				CLANG_WARN_DOCUMENTATION_COMMENTS = YES;
				CLANG_WARN_SUSPICIOUS_MOVES = YES;
				CODE_SIGN_IDENTITY = "";
				DEFINES_MODULE = YES;
				DEVELOPMENT_TEAM = "";
				DYLIB_COMPATIBILITY_VERSION = 1;
				DYLIB_CURRENT_VERSION = 1;
				DYLIB_INSTALL_NAME_BASE = "@rpath";
				INFOPLIST_FILE = DataSource/Info.plist;
				INSTALL_PATH = "$(LOCAL_LIBRARY_DIR)/Frameworks";
				LD_RUNPATH_SEARCH_PATHS = "$(inherited) @executable_path/Frameworks @loader_path/Frameworks";
				PRODUCT_BUNDLE_IDENTIFIER = "com.fueled.$(PRODUCT_NAME:rfc1034identifier)";
				SDKROOT = appletvos;
				SKIP_INSTALL = YES;
				TARGETED_DEVICE_FAMILY = 3;
			};
			name = Release;
		};
/* End XCBuildConfiguration section */

/* Begin XCConfigurationList section */
		022B0F931B2F2AE500DD4DCD /* Build configuration list for PBXProject "DataSource" */ = {
			isa = XCConfigurationList;
			buildConfigurations = (
				022B0FAD1B2F2AE500DD4DCD /* Debug */,
				022B0FAE1B2F2AE500DD4DCD /* Release */,
			);
			defaultConfigurationIsVisible = 0;
			defaultConfigurationName = Release;
		};
		022B0FAF1B2F2AE500DD4DCD /* Build configuration list for PBXNativeTarget "DataSource-iOS" */ = {
			isa = XCConfigurationList;
			buildConfigurations = (
				022B0FB01B2F2AE500DD4DCD /* Debug */,
				022B0FB11B2F2AE500DD4DCD /* Release */,
			);
			defaultConfigurationIsVisible = 0;
			defaultConfigurationName = Release;
		};
		022B0FB21B2F2AE500DD4DCD /* Build configuration list for PBXNativeTarget "DataSourceTests" */ = {
			isa = XCConfigurationList;
			buildConfigurations = (
				022B0FB31B2F2AE500DD4DCD /* Debug */,
				022B0FB41B2F2AE500DD4DCD /* Release */,
			);
			defaultConfigurationIsVisible = 0;
			defaultConfigurationName = Release;
		};
		F40E107F26717B5C008AC957 /* Build configuration list for PBXNativeTarget "DataSource-macOS" */ = {
			isa = XCConfigurationList;
			buildConfigurations = (
				F40E107D26717B5C008AC957 /* Debug */,
				F40E107E26717B5C008AC957 /* Release */,
			);
			defaultConfigurationIsVisible = 0;
			defaultConfigurationName = Release;
		};
		FCBEE8E11DA8F41D00F59863 /* Build configuration list for PBXNativeTarget "DataSource-tvOS" */ = {
			isa = XCConfigurationList;
			buildConfigurations = (
				FCBEE8E21DA8F41D00F59863 /* Debug */,
				FCBEE8E31DA8F41D00F59863 /* Release */,
			);
			defaultConfigurationIsVisible = 0;
			defaultConfigurationName = Release;
		};
/* End XCConfigurationList section */

/* Begin XCVersionGroup section */
		6B4082C422147FDA00A4CA90 /* Items.xcdatamodeld */ = {
			isa = XCVersionGroup;
			children = (
				6B4082C522147FDA00A4CA90 /* Items.xcdatamodel */,
			);
			currentVersion = 6B4082C522147FDA00A4CA90 /* Items.xcdatamodel */;
			path = Items.xcdatamodeld;
			sourceTree = "<group>";
			versionGroupType = wrapper.xcdatamodel;
		};
/* End XCVersionGroup section */
	};
	rootObject = 022B0F901B2F2AE500DD4DCD /* Project object */;
}
